// !$*UTF8*$!
{
	archiveVersion = 1;
	classes = {
	};
	objectVersion = 46;
	objects = {

/* Begin PBXBuildFile section */
		900B78481BD6BF9200796AAB /* WebKit.framework in Frameworks */ = {isa = PBXBuildFile; fileRef = 900B78471BD6BF9200796AAB /* WebKit.framework */; };
		909EC99023B8DAB5002CA78D /* BitFiddle.vcxproj in Resources */ = {isa = PBXBuildFile; fileRef = 909EC96923B8DAB5002CA78D /* BitFiddle.vcxproj */; };
		909EC99123B8DAB5002CA78D /* icon.png in Resources */ = {isa = PBXBuildFile; fileRef = 909EC96E23B8DAB5002CA78D /* icon.png */; };
		909EC99223B8DAB5002CA78D /* BitFiddleChangelog.txt in Resources */ = {isa = PBXBuildFile; fileRef = 909EC96F23B8DAB5002CA78D /* BitFiddleChangelog.txt */; };
		909EC99323B8DAB5002CA78D /* InfoPlist.strings in Resources */ = {isa = PBXBuildFile; fileRef = 909EC97223B8DAB5002CA78D /* InfoPlist.strings */; };
		909EC99423B8DAB5002CA78D /* MainMenu.xib in Resources */ = {isa = PBXBuildFile; fileRef = 909EC97423B8DAB5002CA78D /* MainMenu.xib */; };
		909EC99523B8DAB5002CA78D /* ExpertWindow.xib in Resources */ = {isa = PBXBuildFile; fileRef = 909EC97623B8DAB5002CA78D /* ExpertWindow.xib */; };
		909EC99623B8DAB5002CA78D /* BitFiddle.icns in Resources */ = {isa = PBXBuildFile; fileRef = 909EC97923B8DAB5002CA78D /* BitFiddle.icns */; };
		909EC99823B8DAB5002CA78D /* help.png in Resources */ = {isa = PBXBuildFile; fileRef = 909EC97C23B8DAB5002CA78D /* help.png */; };
		909EC99923B8DAB5002CA78D /* ascii.png in Resources */ = {isa = PBXBuildFile; fileRef = 909EC97D23B8DAB5002CA78D /* ascii.png */; };
		909EC99A23B8DAB5002CA78D /* prefs.png in Resources */ = {isa = PBXBuildFile; fileRef = 909EC97F23B8DAB5002CA78D /* prefs.png */; };
		909EC99B23B8DAB5002CA78D /* BitFiddlePreferences.c in Sources */ = {isa = PBXBuildFile; fileRef = 909EC98123B8DAB5002CA78D /* BitFiddlePreferences.c */; };
		909EC99C23B8DAB5002CA78D /* BitFiddleApplication.c in Sources */ = {isa = PBXBuildFile; fileRef = 909EC98223B8DAB5002CA78D /* BitFiddleApplication.c */; };
		909EC99D23B8DAB5002CA78D /* PreferencesController.c in Sources */ = {isa = PBXBuildFile; fileRef = 909EC98523B8DAB5002CA78D /* PreferencesController.c */; };
		909EC99E23B8DAB5002CA78D /* ConverterController.c in Sources */ = {isa = PBXBuildFile; fileRef = 909EC98623B8DAB5002CA78D /* ConverterController.c */; };
		909EC99F23B8DAB5002CA78D /* ASCIIController.c in Sources */ = {isa = PBXBuildFile; fileRef = 909EC98723B8DAB5002CA78D /* ASCIIController.c */; };
		909EC9A023B8DAB5002CA78D /* BitArray.c in Sources */ = {isa = PBXBuildFile; fileRef = 909EC98823B8DAB5002CA78D /* BitArray.c */; };
		909EC9A123B8DAB5002CA78D /* main.c in Sources */ = {isa = PBXBuildFile; fileRef = 909EC98923B8DAB5002CA78D /* main.c */; };
		909EC9A223B8DAB5002CA78D /* BitFiddleNSApplication.m in Sources */ = {isa = PBXBuildFile; fileRef = 909EC98C23B8DAB5002CA78D /* BitFiddleNSApplication.m */; };
		909EC9A323B8DAB5002CA78D /* BitFiddleTranslations.c in Sources */ = {isa = PBXBuildFile; fileRef = 909EC98D23B8DAB5002CA78D /* BitFiddleTranslations.c */; };
		909EC9B623B8DC3F002CA78D /* ManderApp.vcxproj in Resources */ = {isa = PBXBuildFile; fileRef = 909EC9AB23B8DC3E002CA78D /* ManderApp.vcxproj */; };
		909EC9B723B8DC3F002CA78D /* ManderAppPreferences.c in Sources */ = {isa = PBXBuildFile; fileRef = 909EC9AF23B8DC3E002CA78D /* ManderAppPreferences.c */; };
		909EC9B823B8DC3F002CA78D /* ManderAppAbout.c in Sources */ = {isa = PBXBuildFile; fileRef = 909EC9B023B8DC3E002CA78D /* ManderAppAbout.c */; };
		909EC9B923B8DC3F002CA78D /* ManderAppTranslations.c in Sources */ = {isa = PBXBuildFile; fileRef = 909EC9B123B8DC3E002CA78D /* ManderAppTranslations.c */; };
		909EC9BA23B8DC3F002CA78D /* ManderApp.c in Sources */ = {isa = PBXBuildFile; fileRef = 909EC9B223B8DC3E002CA78D /* ManderApp.c */; };
		909ECA7C23B8DC4B002CA78D /* NALib.vcxproj in Resources */ = {isa = PBXBuildFile; fileRef = 909EC9C523B8DC4A002CA78D /* NALib.vcxproj */; };
		909ECA7D23B8DC4B002CA78D /* NAHeap.c in Sources */ = {isa = PBXBuildFile; fileRef = 909EC9D023B8DC4A002CA78D /* NAHeap.c */; };
		909ECA7E23B8DC4B002CA78D /* NABufferManipulation.c in Sources */ = {isa = PBXBuildFile; fileRef = 909EC9D423B8DC4A002CA78D /* NABufferManipulation.c */; };
		909ECA7F23B8DC4B002CA78D /* NABufferPart.c in Sources */ = {isa = PBXBuildFile; fileRef = 909EC9D523B8DC4A002CA78D /* NABufferPart.c */; };
		909ECA8023B8DC4B002CA78D /* NABufferRead.c in Sources */ = {isa = PBXBuildFile; fileRef = 909EC9D723B8DC4A002CA78D /* NABufferRead.c */; };
		909ECA8123B8DC4B002CA78D /* NABufferIteration.c in Sources */ = {isa = PBXBuildFile; fileRef = 909EC9DA23B8DC4A002CA78D /* NABufferIteration.c */; };
		909ECA8223B8DC4B002CA78D /* NABufferWrite.c in Sources */ = {isa = PBXBuildFile; fileRef = 909EC9DB23B8DC4A002CA78D /* NABufferWrite.c */; };
		909ECA8323B8DC4B002CA78D /* NABufferParse.c in Sources */ = {isa = PBXBuildFile; fileRef = 909EC9DE23B8DC4A002CA78D /* NABufferParse.c */; };
		909ECA8423B8DC4B002CA78D /* NABuffer.c in Sources */ = {isa = PBXBuildFile; fileRef = 909EC9E023B8DC4A002CA78D /* NABuffer.c */; };
		909ECA8523B8DC4B002CA78D /* NAMemoryBlock.c in Sources */ = {isa = PBXBuildFile; fileRef = 909EC9E123B8DC4A002CA78D /* NAMemoryBlock.c */; };
		909ECA8623B8DC4B002CA78D /* NABufferSource.c in Sources */ = {isa = PBXBuildFile; fileRef = 909EC9E323B8DC4A002CA78D /* NABufferSource.c */; };
		909ECA8723B8DC4B002CA78D /* NATree.c in Sources */ = {isa = PBXBuildFile; fileRef = 909EC9EA23B8DC4A002CA78D /* NATree.c */; };
		909ECA8823B8DC4B002CA78D /* NATreeIteration.c in Sources */ = {isa = PBXBuildFile; fileRef = 909EC9EB23B8DC4A002CA78D /* NATreeIteration.c */; };
		909ECA8923B8DC4B002CA78D /* NATreeBin.c in Sources */ = {isa = PBXBuildFile; fileRef = 909EC9F023B8DC4A002CA78D /* NATreeBin.c */; };
		909ECA8A23B8DC4B002CA78D /* NATreeOct.c in Sources */ = {isa = PBXBuildFile; fileRef = 909EC9F123B8DC4A002CA78D /* NATreeOct.c */; };
		909ECA8B23B8DC4B002CA78D /* NATreeQuad.c in Sources */ = {isa = PBXBuildFile; fileRef = 909EC9F223B8DC4A002CA78D /* NATreeQuad.c */; };
		909ECA8C23B8DC4B002CA78D /* NATreeConfiguration.c in Sources */ = {isa = PBXBuildFile; fileRef = 909EC9F323B8DC4A002CA78D /* NATreeConfiguration.c */; };
		909ECA8D23B8DC4B002CA78D /* NATreeAVL.c in Sources */ = {isa = PBXBuildFile; fileRef = 909EC9F523B8DC4A002CA78D /* NATreeAVL.c */; };
		909ECA8E23B8DC4B002CA78D /* NAString.c in Sources */ = {isa = PBXBuildFile; fileRef = 909EC9F923B8DC4A002CA78D /* NAString.c */; };
		909ECA8F23B8DC4B002CA78D /* NAList.c in Sources */ = {isa = PBXBuildFile; fileRef = 909EC9FA23B8DC4A002CA78D /* NAList.c */; };
		909ECA9023B8DC4B002CA78D /* NADebug.c in Sources */ = {isa = PBXBuildFile; fileRef = 909EC9FE23B8DC4A002CA78D /* NADebug.c */; };
		909ECA9123B8DC4B002CA78D /* NAPNG.c in Sources */ = {isa = PBXBuildFile; fileRef = 909ECA0E23B8DC4A002CA78D /* NAPNG.c */; };
		909ECA9223B8DC4B002CA78D /* NABabyColor.c in Sources */ = {isa = PBXBuildFile; fileRef = 909ECA0F23B8DC4A002CA78D /* NABabyColor.c */; };
		909ECA9323B8DC4B002CA78D /* NABabyImage.c in Sources */ = {isa = PBXBuildFile; fileRef = 909ECA1023B8DC4A002CA78D /* NABabyImage.c */; };
		909ECA9423B8DC4B002CA78D /* NADeflate.c in Sources */ = {isa = PBXBuildFile; fileRef = 909ECA1123B8DC4A002CA78D /* NADeflate.c */; };
		909ECA9523B8DC4B002CA78D /* NAFile.c in Sources */ = {isa = PBXBuildFile; fileRef = 909ECA1B23B8DC4A002CA78D /* NAFile.c */; };
		909ECA9623B8DC4B002CA78D /* NADateTime.c in Sources */ = {isa = PBXBuildFile; fileRef = 909ECA1C23B8DC4A002CA78D /* NADateTime.c */; };
		909ECA9723B8DC4B002CA78D /* NAURL.c in Sources */ = {isa = PBXBuildFile; fileRef = 909ECA2223B8DC4A002CA78D /* NAURL.c */; };
		909ECA9823B8DC4B002CA78D /* NARuntime.c in Sources */ = {isa = PBXBuildFile; fileRef = 909ECA2B23B8DC4A002CA78D /* NARuntime.c */; };
		909ECA9923B8DC4B002CA78D /* NABinaryData.c in Sources */ = {isa = PBXBuildFile; fileRef = 909ECA2E23B8DC4A002CA78D /* NABinaryData.c */; };
		909ECA9A23B8DC4B002CA78D /* NACocoa.m in Sources */ = {isa = PBXBuildFile; fileRef = 909ECA3823B8DC4A002CA78D /* NACocoa.m */; };
		909ECA9B23B8DC4B002CA78D /* NATranslator.c in Sources */ = {isa = PBXBuildFile; fileRef = 909ECA4923B8DC4A002CA78D /* NATranslator.c */; };
		909ECA9C23B8DC4B002CA78D /* NAUICore.c in Sources */ = {isa = PBXBuildFile; fileRef = 909ECA4C23B8DC4A002CA78D /* NAUICore.c */; };
		909ECA9D23B8DC4B002CA78D /* NAUIWINAPI.c in Sources */ = {isa = PBXBuildFile; fileRef = 909ECA4F23B8DC4A002CA78D /* NAUIWINAPI.c */; };
		909ECA9E23B8DC4B002CA78D /* NAUIImage.c in Sources */ = {isa = PBXBuildFile; fileRef = 909ECA6023B8DC4A002CA78D /* NAUIImage.c */; };
		909ECA9F23B8DC4B002CA78D /* NAMoney.c in Sources */ = {isa = PBXBuildFile; fileRef = 909ECA6323B8DC4A002CA78D /* NAMoney.c */; };
		90D8E3A522FCCCAE0032C934 /* Carbon.framework in Frameworks */ = {isa = PBXBuildFile; fileRef = 90D8E3A422FCCCAE0032C934 /* Carbon.framework */; };
		B9848B41177B99B400E21D96 /* Cocoa.framework in Frameworks */ = {isa = PBXBuildFile; fileRef = B9848B40177B99B400E21D96 /* Cocoa.framework */; };
/* End PBXBuildFile section */

/* Begin PBXFileReference section */
		900B78471BD6BF9200796AAB /* WebKit.framework */ = {isa = PBXFileReference; lastKnownFileType = wrapper.framework; name = WebKit.framework; path = System/Library/Frameworks/WebKit.framework; sourceTree = SDKROOT; };
		909EC96923B8DAB5002CA78D /* BitFiddle.vcxproj */ = {isa = PBXFileReference; fileEncoding = 4; lastKnownFileType = text.xml; path = BitFiddle.vcxproj; sourceTree = "<group>"; };
		909EC96A23B8DAB5002CA78D /* ASCIIController.h */ = {isa = PBXFileReference; fileEncoding = 4; lastKnownFileType = sourcecode.c.h; path = ASCIIController.h; sourceTree = "<group>"; };
		909EC96B23B8DAB5002CA78D /* BitArray.h */ = {isa = PBXFileReference; fileEncoding = 4; lastKnownFileType = sourcecode.c.h; path = BitArray.h; sourceTree = "<group>"; };
		909EC96E23B8DAB5002CA78D /* icon.png */ = {isa = PBXFileReference; lastKnownFileType = image.png; path = icon.png; sourceTree = "<group>"; };
		909EC96F23B8DAB5002CA78D /* BitFiddleChangelog.txt */ = {isa = PBXFileReference; fileEncoding = 4; lastKnownFileType = text; path = BitFiddleChangelog.txt; sourceTree = "<group>"; };
		909EC97023B8DAB5002CA78D /* BitFiddleStrings_eng.h */ = {isa = PBXFileReference; fileEncoding = 4; lastKnownFileType = sourcecode.c.h; path = BitFiddleStrings_eng.h; sourceTree = "<group>"; };
		909EC97323B8DAB5002CA78D /* de */ = {isa = PBXFileReference; lastKnownFileType = text.plist.strings; name = de; path = de.lproj/InfoPlist.strings; sourceTree = "<group>"; };
		909EC97523B8DAB5002CA78D /* de */ = {isa = PBXFileReference; lastKnownFileType = file.xib; name = de; path = de.lproj/MainMenu.xib; sourceTree = "<group>"; };
		909EC97623B8DAB5002CA78D /* ExpertWindow.xib */ = {isa = PBXFileReference; fileEncoding = 4; lastKnownFileType = file.xib; path = ExpertWindow.xib; sourceTree = "<group>"; };
		909EC97723B8DAB5002CA78D /* en */ = {isa = PBXFileReference; lastKnownFileType = text.plist.strings; name = en; path = en.lproj/InfoPlist.strings; sourceTree = "<group>"; };
		909EC97823B8DAB5002CA78D /* en */ = {isa = PBXFileReference; lastKnownFileType = file.xib; name = en; path = en.lproj/MainMenu.xib; sourceTree = "<group>"; };
		909EC97923B8DAB5002CA78D /* BitFiddle.icns */ = {isa = PBXFileReference; lastKnownFileType = image.icns; path = BitFiddle.icns; sourceTree = "<group>"; };
		909EC97A23B8DAB5002CA78D /* Bit Fiddle.entitlements */ = {isa = PBXFileReference; fileEncoding = 4; lastKnownFileType = text.plist.entitlements; path = "Bit Fiddle.entitlements"; sourceTree = "<group>"; };
		909EC97B23B8DAB5002CA78D /* Bit Fiddle-Info.plist */ = {isa = PBXFileReference; fileEncoding = 4; lastKnownFileType = text.plist.xml; path = "Bit Fiddle-Info.plist"; sourceTree = "<group>"; };
		909EC97C23B8DAB5002CA78D /* help.png */ = {isa = PBXFileReference; lastKnownFileType = image.png; path = help.png; sourceTree = "<group>"; };
		909EC97D23B8DAB5002CA78D /* ascii.png */ = {isa = PBXFileReference; lastKnownFileType = image.png; path = ascii.png; sourceTree = "<group>"; };
		909EC97E23B8DAB5002CA78D /* BitFiddleStrings_deu.h */ = {isa = PBXFileReference; fileEncoding = 4; lastKnownFileType = sourcecode.c.h; path = BitFiddleStrings_deu.h; sourceTree = "<group>"; };
		909EC97F23B8DAB5002CA78D /* prefs.png */ = {isa = PBXFileReference; lastKnownFileType = image.png; path = prefs.png; sourceTree = "<group>"; };
		909EC98023B8DAB5002CA78D /* ConverterController.h */ = {isa = PBXFileReference; fileEncoding = 4; lastKnownFileType = sourcecode.c.h; path = ConverterController.h; sourceTree = "<group>"; };
		909EC98123B8DAB5002CA78D /* BitFiddlePreferences.c */ = {isa = PBXFileReference; fileEncoding = 4; lastKnownFileType = sourcecode.c.c; path = BitFiddlePreferences.c; sourceTree = "<group>"; };
		909EC98223B8DAB5002CA78D /* BitFiddleApplication.c */ = {isa = PBXFileReference; fileEncoding = 4; lastKnownFileType = sourcecode.c.c; path = BitFiddleApplication.c; sourceTree = "<group>"; };
		909EC98323B8DAB5002CA78D /* BitFiddleTranslations.h */ = {isa = PBXFileReference; fileEncoding = 4; lastKnownFileType = sourcecode.c.h; path = BitFiddleTranslations.h; sourceTree = "<group>"; };
		909EC98423B8DAB5002CA78D /* BitFiddleNSApplication.h */ = {isa = PBXFileReference; fileEncoding = 4; lastKnownFileType = sourcecode.c.h; path = BitFiddleNSApplication.h; sourceTree = "<group>"; };
		909EC98523B8DAB5002CA78D /* PreferencesController.c */ = {isa = PBXFileReference; fileEncoding = 4; lastKnownFileType = sourcecode.c.c; path = PreferencesController.c; sourceTree = "<group>"; };
		909EC98623B8DAB5002CA78D /* ConverterController.c */ = {isa = PBXFileReference; fileEncoding = 4; lastKnownFileType = sourcecode.c.c; path = ConverterController.c; sourceTree = "<group>"; };
		909EC98723B8DAB5002CA78D /* ASCIIController.c */ = {isa = PBXFileReference; fileEncoding = 4; lastKnownFileType = sourcecode.c.c; path = ASCIIController.c; sourceTree = "<group>"; };
		909EC98823B8DAB5002CA78D /* BitArray.c */ = {isa = PBXFileReference; fileEncoding = 4; lastKnownFileType = sourcecode.c.c; path = BitArray.c; sourceTree = "<group>"; };
		909EC98923B8DAB5002CA78D /* main.c */ = {isa = PBXFileReference; fileEncoding = 4; lastKnownFileType = sourcecode.c.c; path = main.c; sourceTree = "<group>"; };
		909EC98A23B8DAB5002CA78D /* BitFiddleApplication.h */ = {isa = PBXFileReference; fileEncoding = 4; lastKnownFileType = sourcecode.c.h; path = BitFiddleApplication.h; sourceTree = "<group>"; };
		909EC98B23B8DAB5002CA78D /* BitFiddlePreferences.h */ = {isa = PBXFileReference; fileEncoding = 4; lastKnownFileType = sourcecode.c.h; path = BitFiddlePreferences.h; sourceTree = "<group>"; };
		909EC98C23B8DAB5002CA78D /* BitFiddleNSApplication.m */ = {isa = PBXFileReference; fileEncoding = 4; lastKnownFileType = sourcecode.c.objc; path = BitFiddleNSApplication.m; sourceTree = "<group>"; };
		909EC98D23B8DAB5002CA78D /* BitFiddleTranslations.c */ = {isa = PBXFileReference; fileEncoding = 4; lastKnownFileType = sourcecode.c.c; path = BitFiddleTranslations.c; sourceTree = "<group>"; };
		909EC98E23B8DAB5002CA78D /* BitFiddle.h */ = {isa = PBXFileReference; fileEncoding = 4; lastKnownFileType = sourcecode.c.h; path = BitFiddle.h; sourceTree = "<group>"; };
		909EC98F23B8DAB5002CA78D /* PreferencesController.h */ = {isa = PBXFileReference; fileEncoding = 4; lastKnownFileType = sourcecode.c.h; path = PreferencesController.h; sourceTree = "<group>"; };
		909EC9AA23B8DC3E002CA78D /* ManderApp.h */ = {isa = PBXFileReference; fileEncoding = 4; lastKnownFileType = sourcecode.c.h; path = ManderApp.h; sourceTree = "<group>"; };
		909EC9AB23B8DC3E002CA78D /* ManderApp.vcxproj */ = {isa = PBXFileReference; fileEncoding = 4; lastKnownFileType = text.xml; path = ManderApp.vcxproj; sourceTree = "<group>"; };
		909EC9AD23B8DC3E002CA78D /* ManderApp_deu.h */ = {isa = PBXFileReference; fileEncoding = 4; lastKnownFileType = sourcecode.c.h; path = ManderApp_deu.h; sourceTree = "<group>"; };
		909EC9AE23B8DC3E002CA78D /* ManderApp_eng.h */ = {isa = PBXFileReference; fileEncoding = 4; lastKnownFileType = sourcecode.c.h; path = ManderApp_eng.h; sourceTree = "<group>"; };
		909EC9AF23B8DC3E002CA78D /* ManderAppPreferences.c */ = {isa = PBXFileReference; fileEncoding = 4; lastKnownFileType = sourcecode.c.c; path = ManderAppPreferences.c; sourceTree = "<group>"; };
		909EC9B023B8DC3E002CA78D /* ManderAppAbout.c */ = {isa = PBXFileReference; fileEncoding = 4; lastKnownFileType = sourcecode.c.c; path = ManderAppAbout.c; sourceTree = "<group>"; };
		909EC9B123B8DC3E002CA78D /* ManderAppTranslations.c */ = {isa = PBXFileReference; fileEncoding = 4; lastKnownFileType = sourcecode.c.c; path = ManderAppTranslations.c; sourceTree = "<group>"; };
		909EC9B223B8DC3E002CA78D /* ManderApp.c */ = {isa = PBXFileReference; fileEncoding = 4; lastKnownFileType = sourcecode.c.c; path = ManderApp.c; sourceTree = "<group>"; };
		909EC9B323B8DC3E002CA78D /* ManderAppPreferences.h */ = {isa = PBXFileReference; fileEncoding = 4; lastKnownFileType = sourcecode.c.h; path = ManderAppPreferences.h; sourceTree = "<group>"; };
		909EC9B423B8DC3E002CA78D /* ManderAppAbout.h */ = {isa = PBXFileReference; fileEncoding = 4; lastKnownFileType = sourcecode.c.h; path = ManderAppAbout.h; sourceTree = "<group>"; };
		909EC9B523B8DC3E002CA78D /* ManderAppTranslations.h */ = {isa = PBXFileReference; fileEncoding = 4; lastKnownFileType = sourcecode.c.h; path = ManderAppTranslations.h; sourceTree = "<group>"; };
		909EC9BC23B8DC4A002CA78D /* NAMathConstants.h */ = {isa = PBXFileReference; fileEncoding = 4; lastKnownFileType = sourcecode.c.h; path = NAMathConstants.h; sourceTree = "<group>"; };
		909EC9BD23B8DC4A002CA78D /* NAMemory.h */ = {isa = PBXFileReference; fileEncoding = 4; lastKnownFileType = sourcecode.c.h; path = NAMemory.h; sourceTree = "<group>"; };
		909EC9BE23B8DC4A002CA78D /* NAComplex.h */ = {isa = PBXFileReference; fileEncoding = 4; lastKnownFileType = sourcecode.c.h; path = NAComplex.h; sourceTree = "<group>"; };
		909EC9BF23B8DC4A002CA78D /* NAConfiguration.h */ = {isa = PBXFileReference; fileEncoding = 4; lastKnownFileType = sourcecode.c.h; path = NAConfiguration.h; sourceTree = "<group>"; };
		909EC9C023B8DC4A002CA78D /* NABase.h */ = {isa = PBXFileReference; fileEncoding = 4; lastKnownFileType = sourcecode.c.h; path = NABase.h; sourceTree = "<group>"; };
		909EC9C123B8DC4A002CA78D /* NABuffer.h */ = {isa = PBXFileReference; fileEncoding = 4; lastKnownFileType = sourcecode.c.h; path = NABuffer.h; sourceTree = "<group>"; };
		909EC9C223B8DC4A002CA78D /* NAArray.h */ = {isa = PBXFileReference; fileEncoding = 4; lastKnownFileType = sourcecode.c.h; path = NAArray.h; sourceTree = "<group>"; };
		909EC9C323B8DC4A002CA78D /* NAThreading.h */ = {isa = PBXFileReference; fileEncoding = 4; lastKnownFileType = sourcecode.c.h; path = NAThreading.h; sourceTree = "<group>"; };
		909EC9C423B8DC4A002CA78D /* NAStack.h */ = {isa = PBXFileReference; fileEncoding = 4; lastKnownFileType = sourcecode.c.h; path = NAStack.h; sourceTree = "<group>"; };
		909EC9C523B8DC4A002CA78D /* NALib.vcxproj */ = {isa = PBXFileReference; fileEncoding = 4; lastKnownFileType = text.xml; path = NALib.vcxproj; sourceTree = "<group>"; };
		909EC9C623B8DC4A002CA78D /* NADeflate.h */ = {isa = PBXFileReference; fileEncoding = 4; lastKnownFileType = sourcecode.c.h; path = NADeflate.h; sourceTree = "<group>"; };
		909EC9C723B8DC4A002CA78D /* NAList.h */ = {isa = PBXFileReference; fileEncoding = 4; lastKnownFileType = sourcecode.c.h; path = NAList.h; sourceTree = "<group>"; };
		909EC9C823B8DC4A002CA78D /* NABabyImage.h */ = {isa = PBXFileReference; fileEncoding = 4; lastKnownFileType = sourcecode.c.h; path = NABabyImage.h; sourceTree = "<group>"; };
		909EC9C923B8DC4A002CA78D /* NAString.h */ = {isa = PBXFileReference; fileEncoding = 4; lastKnownFileType = sourcecode.c.h; path = NAString.h; sourceTree = "<group>"; };
		909EC9CA23B8DC4A002CA78D /* NARandom.h */ = {isa = PBXFileReference; fileEncoding = 4; lastKnownFileType = sourcecode.c.h; path = NARandom.h; sourceTree = "<group>"; };
		909EC9CB23B8DC4A002CA78D /* NAPreferences.h */ = {isa = PBXFileReference; fileEncoding = 4; lastKnownFileType = sourcecode.c.h; path = NAPreferences.h; sourceTree = "<group>"; };
		909EC9CE23B8DC4A002CA78D /* NAHeapII.h */ = {isa = PBXFileReference; fileEncoding = 4; lastKnownFileType = sourcecode.c.h; path = NAHeapII.h; sourceTree = "<group>"; };
		909EC9CF23B8DC4A002CA78D /* NAHeapT.h */ = {isa = PBXFileReference; fileEncoding = 4; lastKnownFileType = sourcecode.c.h; path = NAHeapT.h; sourceTree = "<group>"; };
		909EC9D023B8DC4A002CA78D /* NAHeap.c */ = {isa = PBXFileReference; fileEncoding = 4; lastKnownFileType = sourcecode.c.c; path = NAHeap.c; sourceTree = "<group>"; };
		909EC9D123B8DC4A002CA78D /* NAStringII.h */ = {isa = PBXFileReference; fileEncoding = 4; lastKnownFileType = sourcecode.c.h; path = NAStringII.h; sourceTree = "<group>"; };
		909EC9D323B8DC4A002CA78D /* NABufferII.h */ = {isa = PBXFileReference; fileEncoding = 4; lastKnownFileType = sourcecode.c.h; path = NABufferII.h; sourceTree = "<group>"; };
		909EC9D423B8DC4A002CA78D /* NABufferManipulation.c */ = {isa = PBXFileReference; fileEncoding = 4; lastKnownFileType = sourcecode.c.c; path = NABufferManipulation.c; sourceTree = "<group>"; };
		909EC9D523B8DC4A002CA78D /* NABufferPart.c */ = {isa = PBXFileReference; fileEncoding = 4; lastKnownFileType = sourcecode.c.c; path = NABufferPart.c; sourceTree = "<group>"; };
		909EC9D623B8DC4A002CA78D /* NABufferWriteII.h */ = {isa = PBXFileReference; fileEncoding = 4; lastKnownFileType = sourcecode.c.h; path = NABufferWriteII.h; sourceTree = "<group>"; };
		909EC9D723B8DC4A002CA78D /* NABufferRead.c */ = {isa = PBXFileReference; fileEncoding = 4; lastKnownFileType = sourcecode.c.c; path = NABufferRead.c; sourceTree = "<group>"; };
		909EC9D823B8DC4A002CA78D /* NABufferIterationII.h */ = {isa = PBXFileReference; fileEncoding = 4; lastKnownFileType = sourcecode.c.h; path = NABufferIterationII.h; sourceTree = "<group>"; };
		909EC9D923B8DC4A002CA78D /* NABufferParseII.h */ = {isa = PBXFileReference; fileEncoding = 4; lastKnownFileType = sourcecode.c.h; path = NABufferParseII.h; sourceTree = "<group>"; };
		909EC9DA23B8DC4A002CA78D /* NABufferIteration.c */ = {isa = PBXFileReference; fileEncoding = 4; lastKnownFileType = sourcecode.c.c; path = NABufferIteration.c; sourceTree = "<group>"; };
		909EC9DB23B8DC4A002CA78D /* NABufferWrite.c */ = {isa = PBXFileReference; fileEncoding = 4; lastKnownFileType = sourcecode.c.c; path = NABufferWrite.c; sourceTree = "<group>"; };
		909EC9DC23B8DC4A002CA78D /* NABufferHelperII.h */ = {isa = PBXFileReference; fileEncoding = 4; lastKnownFileType = sourcecode.c.h; path = NABufferHelperII.h; sourceTree = "<group>"; };
		909EC9DD23B8DC4A002CA78D /* NAMemoryBlockII.h */ = {isa = PBXFileReference; fileEncoding = 4; lastKnownFileType = sourcecode.c.h; path = NAMemoryBlockII.h; sourceTree = "<group>"; };
		909EC9DE23B8DC4A002CA78D /* NABufferParse.c */ = {isa = PBXFileReference; fileEncoding = 4; lastKnownFileType = sourcecode.c.c; path = NABufferParse.c; sourceTree = "<group>"; };
		909EC9DF23B8DC4A002CA78D /* NABufferPartII.h */ = {isa = PBXFileReference; fileEncoding = 4; lastKnownFileType = sourcecode.c.h; path = NABufferPartII.h; sourceTree = "<group>"; };
		909EC9E023B8DC4A002CA78D /* NABuffer.c */ = {isa = PBXFileReference; fileEncoding = 4; lastKnownFileType = sourcecode.c.c; path = NABuffer.c; sourceTree = "<group>"; };
		909EC9E123B8DC4A002CA78D /* NAMemoryBlock.c */ = {isa = PBXFileReference; fileEncoding = 4; lastKnownFileType = sourcecode.c.c; path = NAMemoryBlock.c; sourceTree = "<group>"; };
		909EC9E223B8DC4A002CA78D /* NABufferReadII.h */ = {isa = PBXFileReference; fileEncoding = 4; lastKnownFileType = sourcecode.c.h; path = NABufferReadII.h; sourceTree = "<group>"; };
		909EC9E323B8DC4A002CA78D /* NABufferSource.c */ = {isa = PBXFileReference; fileEncoding = 4; lastKnownFileType = sourcecode.c.c; path = NABufferSource.c; sourceTree = "<group>"; };
		909EC9E423B8DC4A002CA78D /* NABufferSourceII.h */ = {isa = PBXFileReference; fileEncoding = 4; lastKnownFileType = sourcecode.c.h; path = NABufferSourceII.h; sourceTree = "<group>"; };
		909EC9E523B8DC4A002CA78D /* NAStackII.h */ = {isa = PBXFileReference; fileEncoding = 4; lastKnownFileType = sourcecode.c.h; path = NAStackII.h; sourceTree = "<group>"; };
		909EC9E623B8DC4A002CA78D /* NACircularBufferII.h */ = {isa = PBXFileReference; fileEncoding = 4; lastKnownFileType = sourcecode.c.h; path = NACircularBufferII.h; sourceTree = "<group>"; };
		909EC9E823B8DC4A002CA78D /* NATreeOct.h */ = {isa = PBXFileReference; fileEncoding = 4; lastKnownFileType = sourcecode.c.h; path = NATreeOct.h; sourceTree = "<group>"; };
		909EC9E923B8DC4A002CA78D /* NATreeBin.h */ = {isa = PBXFileReference; fileEncoding = 4; lastKnownFileType = sourcecode.c.h; path = NATreeBin.h; sourceTree = "<group>"; };
		909EC9EA23B8DC4A002CA78D /* NATree.c */ = {isa = PBXFileReference; fileEncoding = 4; lastKnownFileType = sourcecode.c.c; path = NATree.c; sourceTree = "<group>"; };
		909EC9EB23B8DC4A002CA78D /* NATreeIteration.c */ = {isa = PBXFileReference; fileEncoding = 4; lastKnownFileType = sourcecode.c.c; path = NATreeIteration.c; sourceTree = "<group>"; };
		909EC9EC23B8DC4A002CA78D /* NATreeQuad.h */ = {isa = PBXFileReference; fileEncoding = 4; lastKnownFileType = sourcecode.c.h; path = NATreeQuad.h; sourceTree = "<group>"; };
		909EC9ED23B8DC4A002CA78D /* NATreeConfigurationII.h */ = {isa = PBXFileReference; fileEncoding = 4; lastKnownFileType = sourcecode.c.h; path = NATreeConfigurationII.h; sourceTree = "<group>"; };
		909EC9EE23B8DC4A002CA78D /* NATreeII.h */ = {isa = PBXFileReference; fileEncoding = 4; lastKnownFileType = sourcecode.c.h; path = NATreeII.h; sourceTree = "<group>"; };
		909EC9EF23B8DC4A002CA78D /* NATreeIterationII.h */ = {isa = PBXFileReference; fileEncoding = 4; lastKnownFileType = sourcecode.c.h; path = NATreeIterationII.h; sourceTree = "<group>"; };
		909EC9F023B8DC4A002CA78D /* NATreeBin.c */ = {isa = PBXFileReference; fileEncoding = 4; lastKnownFileType = sourcecode.c.c; path = NATreeBin.c; sourceTree = "<group>"; };
		909EC9F123B8DC4A002CA78D /* NATreeOct.c */ = {isa = PBXFileReference; fileEncoding = 4; lastKnownFileType = sourcecode.c.c; path = NATreeOct.c; sourceTree = "<group>"; };
		909EC9F223B8DC4A002CA78D /* NATreeQuad.c */ = {isa = PBXFileReference; fileEncoding = 4; lastKnownFileType = sourcecode.c.c; path = NATreeQuad.c; sourceTree = "<group>"; };
		909EC9F323B8DC4A002CA78D /* NATreeConfiguration.c */ = {isa = PBXFileReference; fileEncoding = 4; lastKnownFileType = sourcecode.c.c; path = NATreeConfiguration.c; sourceTree = "<group>"; };
		909EC9F423B8DC4A002CA78D /* NATreeUtilitiesII.h */ = {isa = PBXFileReference; fileEncoding = 4; lastKnownFileType = sourcecode.c.h; path = NATreeUtilitiesII.h; sourceTree = "<group>"; };
		909EC9F523B8DC4A002CA78D /* NATreeAVL.c */ = {isa = PBXFileReference; fileEncoding = 4; lastKnownFileType = sourcecode.c.c; path = NATreeAVL.c; sourceTree = "<group>"; };
		909EC9F623B8DC4A002CA78D /* NATreeItemII.h */ = {isa = PBXFileReference; fileEncoding = 4; lastKnownFileType = sourcecode.c.h; path = NATreeItemII.h; sourceTree = "<group>"; };
		909EC9F723B8DC4A002CA78D /* NAPoolII.h */ = {isa = PBXFileReference; fileEncoding = 4; lastKnownFileType = sourcecode.c.h; path = NAPoolII.h; sourceTree = "<group>"; };
		909EC9F823B8DC4A002CA78D /* NAListII.h */ = {isa = PBXFileReference; fileEncoding = 4; lastKnownFileType = sourcecode.c.h; path = NAListII.h; sourceTree = "<group>"; };
		909EC9F923B8DC4A002CA78D /* NAString.c */ = {isa = PBXFileReference; fileEncoding = 4; lastKnownFileType = sourcecode.c.c; path = NAString.c; sourceTree = "<group>"; };
		909EC9FA23B8DC4A002CA78D /* NAList.c */ = {isa = PBXFileReference; fileEncoding = 4; lastKnownFileType = sourcecode.c.c; path = NAList.c; sourceTree = "<group>"; };
		909EC9FB23B8DC4A002CA78D /* NAArrayII.h */ = {isa = PBXFileReference; fileEncoding = 4; lastKnownFileType = sourcecode.c.h; path = NAArrayII.h; sourceTree = "<group>"; };
		909EC9FD23B8DC4A002CA78D /* NAInteger.h */ = {isa = PBXFileReference; fileEncoding = 4; lastKnownFileType = sourcecode.c.h; path = NAInteger.h; sourceTree = "<group>"; };
		909EC9FE23B8DC4A002CA78D /* NADebug.c */ = {isa = PBXFileReference; fileEncoding = 4; lastKnownFileType = sourcecode.c.c; path = NADebug.c; sourceTree = "<group>"; };
		909EC9FF23B8DC4A002CA78D /* NANumerics.h */ = {isa = PBXFileReference; fileEncoding = 4; lastKnownFileType = sourcecode.c.h; path = NANumerics.h; sourceTree = "<group>"; };
		909ECA0023B8DC4A002CA78D /* NATemplate.h */ = {isa = PBXFileReference; fileEncoding = 4; lastKnownFileType = sourcecode.c.h; path = NATemplate.h; sourceTree = "<group>"; };
		909ECA0123B8DC4A002CA78D /* NAFloatingPoint.h */ = {isa = PBXFileReference; fileEncoding = 4; lastKnownFileType = sourcecode.c.h; path = NAFloatingPoint.h; sourceTree = "<group>"; };
		909ECA0223B8DC4A002CA78D /* NAInt64II.h */ = {isa = PBXFileReference; fileEncoding = 4; lastKnownFileType = sourcecode.c.h; path = NAInt64II.h; sourceTree = "<group>"; };
		909ECA0323B8DC4A002CA78D /* NAChar.h */ = {isa = PBXFileReference; fileEncoding = 4; lastKnownFileType = sourcecode.c.h; path = NAChar.h; sourceTree = "<group>"; };
		909ECA0423B8DC4A002CA78D /* NAEnvironment.h */ = {isa = PBXFileReference; fileEncoding = 4; lastKnownFileType = sourcecode.c.h; path = NAEnvironment.h; sourceTree = "<group>"; };
		909ECA0523B8DC4A002CA78D /* NADebug.h */ = {isa = PBXFileReference; fileEncoding = 4; lastKnownFileType = sourcecode.c.h; path = NADebug.h; sourceTree = "<group>"; };
		909ECA0623B8DC4A002CA78D /* NALanguage.h */ = {isa = PBXFileReference; fileEncoding = 4; lastKnownFileType = sourcecode.c.h; path = NALanguage.h; sourceTree = "<group>"; };
		909ECA0723B8DC4A002CA78D /* NAInt64.h */ = {isa = PBXFileReference; fileEncoding = 4; lastKnownFileType = sourcecode.c.h; path = NAInt64.h; sourceTree = "<group>"; };
		909ECA0823B8DC4A002CA78D /* NANumericsII.h */ = {isa = PBXFileReference; fileEncoding = 4; lastKnownFileType = sourcecode.c.h; path = NANumericsII.h; sourceTree = "<group>"; };
		909ECA0923B8DC4A002CA78D /* NAFloatingPointII.h */ = {isa = PBXFileReference; fileEncoding = 4; lastKnownFileType = sourcecode.c.h; path = NAFloatingPointII.h; sourceTree = "<group>"; };
		909ECA0A23B8DC4A002CA78D /* NACompiler.h */ = {isa = PBXFileReference; fileEncoding = 4; lastKnownFileType = sourcecode.c.h; path = NACompiler.h; sourceTree = "<group>"; };
		909ECA0B23B8DC4A002CA78D /* NAURL.h */ = {isa = PBXFileReference; fileEncoding = 4; lastKnownFileType = sourcecode.c.h; path = NAURL.h; sourceTree = "<group>"; };
		909ECA0C23B8DC4A002CA78D /* NAHeap.h */ = {isa = PBXFileReference; fileEncoding = 4; lastKnownFileType = sourcecode.c.h; path = NAHeap.h; sourceTree = "<group>"; };
		909ECA0E23B8DC4A002CA78D /* NAPNG.c */ = {isa = PBXFileReference; fileEncoding = 4; lastKnownFileType = sourcecode.c.c; path = NAPNG.c; sourceTree = "<group>"; };
		909ECA0F23B8DC4A002CA78D /* NABabyColor.c */ = {isa = PBXFileReference; fileEncoding = 4; lastKnownFileType = sourcecode.c.c; path = NABabyColor.c; sourceTree = "<group>"; };
		909ECA1023B8DC4A002CA78D /* NABabyImage.c */ = {isa = PBXFileReference; fileEncoding = 4; lastKnownFileType = sourcecode.c.c; path = NABabyImage.c; sourceTree = "<group>"; };
		909ECA1123B8DC4A002CA78D /* NADeflate.c */ = {isa = PBXFileReference; fileEncoding = 4; lastKnownFileType = sourcecode.c.c; path = NADeflate.c; sourceTree = "<group>"; };
		909ECA1223B8DC4A002CA78D /* NAPNG.h */ = {isa = PBXFileReference; fileEncoding = 4; lastKnownFileType = sourcecode.c.h; path = NAPNG.h; sourceTree = "<group>"; };
		909ECA1323B8DC4A002CA78D /* NAFile.h */ = {isa = PBXFileReference; fileEncoding = 4; lastKnownFileType = sourcecode.c.h; path = NAFile.h; sourceTree = "<group>"; };
		909ECA1423B8DC4A002CA78D /* NAMoney.h */ = {isa = PBXFileReference; fileEncoding = 4; lastKnownFileType = sourcecode.c.h; path = NAMoney.h; sourceTree = "<group>"; };
		909ECA1523B8DC4A002CA78D /* NAVectorAlgebra.h */ = {isa = PBXFileReference; fileEncoding = 4; lastKnownFileType = sourcecode.c.h; path = NAVectorAlgebra.h; sourceTree = "<group>"; };
		909ECA1623B8DC4A002CA78D /* NAMathOperators.h */ = {isa = PBXFileReference; fileEncoding = 4; lastKnownFileType = sourcecode.c.h; path = NAMathOperators.h; sourceTree = "<group>"; };
		909ECA1723B8DC4A002CA78D /* NADateTime.h */ = {isa = PBXFileReference; fileEncoding = 4; lastKnownFileType = sourcecode.c.h; path = NADateTime.h; sourceTree = "<group>"; };
		909ECA1823B8DC4A002CA78D /* NABinaryData.h */ = {isa = PBXFileReference; fileEncoding = 4; lastKnownFileType = sourcecode.c.h; path = NABinaryData.h; sourceTree = "<group>"; };
		909ECA1923B8DC4A002CA78D /* NAUI.h */ = {isa = PBXFileReference; fileEncoding = 4; lastKnownFileType = sourcecode.c.h; path = NAUI.h; sourceTree = "<group>"; };
		909ECA1B23B8DC4A002CA78D /* NAFile.c */ = {isa = PBXFileReference; fileEncoding = 4; lastKnownFileType = sourcecode.c.c; path = NAFile.c; sourceTree = "<group>"; };
		909ECA1C23B8DC4A002CA78D /* NADateTime.c */ = {isa = PBXFileReference; fileEncoding = 4; lastKnownFileType = sourcecode.c.c; path = NADateTime.c; sourceTree = "<group>"; };
		909ECA1D23B8DC4A002CA78D /* NADateTimeII.h */ = {isa = PBXFileReference; fileEncoding = 4; lastKnownFileType = sourcecode.c.h; path = NADateTimeII.h; sourceTree = "<group>"; };
		909ECA1E23B8DC4A002CA78D /* NAThreadingII.h */ = {isa = PBXFileReference; fileEncoding = 4; lastKnownFileType = sourcecode.c.h; path = NAThreadingII.h; sourceTree = "<group>"; };
		909ECA1F23B8DC4A002CA78D /* NAURLII.h */ = {isa = PBXFileReference; fileEncoding = 4; lastKnownFileType = sourcecode.c.h; path = NAURLII.h; sourceTree = "<group>"; };
		909ECA2023B8DC4A002CA78D /* NAFileII.h */ = {isa = PBXFileReference; fileEncoding = 4; lastKnownFileType = sourcecode.c.h; path = NAFileII.h; sourceTree = "<group>"; };
		909ECA2123B8DC4A002CA78D /* NAKeyII.h */ = {isa = PBXFileReference; fileEncoding = 4; lastKnownFileType = sourcecode.c.h; path = NAKeyII.h; sourceTree = "<group>"; };
		909ECA2223B8DC4A002CA78D /* NAURL.c */ = {isa = PBXFileReference; fileEncoding = 4; lastKnownFileType = sourcecode.c.c; path = NAURL.c; sourceTree = "<group>"; };
		909ECA2423B8DC4A002CA78D /* NARuntimeII.h */ = {isa = PBXFileReference; fileEncoding = 4; lastKnownFileType = sourcecode.c.h; path = NARuntimeII.h; sourceTree = "<group>"; };
		909ECA2523B8DC4A002CA78D /* NARefCountII.h */ = {isa = PBXFileReference; fileEncoding = 4; lastKnownFileType = sourcecode.c.h; path = NARefCountII.h; sourceTree = "<group>"; };
		909ECA2623B8DC4A002CA78D /* NAMallocFreeII.h */ = {isa = PBXFileReference; fileEncoding = 4; lastKnownFileType = sourcecode.c.h; path = NAMallocFreeII.h; sourceTree = "<group>"; };
		909ECA2723B8DC4A002CA78D /* NAMemoryII.h */ = {isa = PBXFileReference; fileEncoding = 4; lastKnownFileType = sourcecode.c.h; path = NAMemoryII.h; sourceTree = "<group>"; };
		909ECA2823B8DC4A002CA78D /* NAPointerII.h */ = {isa = PBXFileReference; fileEncoding = 4; lastKnownFileType = sourcecode.c.h; path = NAPointerII.h; sourceTree = "<group>"; };
		909ECA2923B8DC4A002CA78D /* NAPtrII.h */ = {isa = PBXFileReference; fileEncoding = 4; lastKnownFileType = sourcecode.c.h; path = NAPtrII.h; sourceTree = "<group>"; };
		909ECA2A23B8DC4A002CA78D /* NASmartPtrII.h */ = {isa = PBXFileReference; fileEncoding = 4; lastKnownFileType = sourcecode.c.h; path = NASmartPtrII.h; sourceTree = "<group>"; };
		909ECA2B23B8DC4A002CA78D /* NARuntime.c */ = {isa = PBXFileReference; fileEncoding = 4; lastKnownFileType = sourcecode.c.c; path = NARuntime.c; sourceTree = "<group>"; };
		909ECA2C23B8DC4A002CA78D /* NAValueHelper.h */ = {isa = PBXFileReference; fileEncoding = 4; lastKnownFileType = sourcecode.c.h; path = NAValueHelper.h; sourceTree = "<group>"; };
		909ECA2E23B8DC4A002CA78D /* NABinaryData.c */ = {isa = PBXFileReference; fileEncoding = 4; lastKnownFileType = sourcecode.c.c; path = NABinaryData.c; sourceTree = "<group>"; };
		909ECA2F23B8DC4A002CA78D /* NABinaryDataII.h */ = {isa = PBXFileReference; fileEncoding = 4; lastKnownFileType = sourcecode.c.h; path = NABinaryDataII.h; sourceTree = "<group>"; };
		909ECA3023B8DC4A002CA78D /* NAEndiannessII.h */ = {isa = PBXFileReference; fileEncoding = 4; lastKnownFileType = sourcecode.c.h; path = NAEndiannessII.h; sourceTree = "<group>"; };
		909ECA3123B8DC4A002CA78D /* NAKey.h */ = {isa = PBXFileReference; fileEncoding = 4; lastKnownFileType = sourcecode.c.h; path = NAKey.h; sourceTree = "<group>"; };
		909ECA3223B8DC4A002CA78D /* NATree.h */ = {isa = PBXFileReference; fileEncoding = 4; lastKnownFileType = sourcecode.c.h; path = NATree.h; sourceTree = "<group>"; };
		909ECA3323B8DC4A002CA78D /* NACircularBuffer.h */ = {isa = PBXFileReference; fileEncoding = 4; lastKnownFileType = sourcecode.c.h; path = NACircularBuffer.h; sourceTree = "<group>"; };
		909ECA3523B8DC4A002CA78D /* NAUICore.h */ = {isa = PBXFileReference; fileEncoding = 4; lastKnownFileType = sourcecode.c.h; path = NAUICore.h; sourceTree = "<group>"; };
		909ECA3823B8DC4A002CA78D /* NACocoa.m */ = {isa = PBXFileReference; fileEncoding = 4; lastKnownFileType = sourcecode.c.objc; path = NACocoa.m; sourceTree = "<group>"; };
		909ECA3A23B8DC4A002CA78D /* NAPreferencesCocoaII.h */ = {isa = PBXFileReference; fileEncoding = 4; lastKnownFileType = sourcecode.c.h; path = NAPreferencesCocoaII.h; sourceTree = "<group>"; };
		909ECA3C23B8DC4A002CA78D /* NATextBoxII.h */ = {isa = PBXFileReference; fileEncoding = 4; lastKnownFileType = sourcecode.c.h; path = NATextBoxII.h; sourceTree = "<group>"; };
		909ECA3D23B8DC4A002CA78D /* NAApplicationII.h */ = {isa = PBXFileReference; fileEncoding = 4; lastKnownFileType = sourcecode.c.h; path = NAApplicationII.h; sourceTree = "<group>"; };
		909ECA3E23B8DC4A002CA78D /* NAWindowII.h */ = {isa = PBXFileReference; fileEncoding = 4; lastKnownFileType = sourcecode.c.h; path = NAWindowII.h; sourceTree = "<group>"; };
		909ECA3F23B8DC4A002CA78D /* NAButtonII.h */ = {isa = PBXFileReference; fileEncoding = 4; lastKnownFileType = sourcecode.c.h; path = NAButtonII.h; sourceTree = "<group>"; };
		909ECA4023B8DC4A002CA78D /* NACheckBoxII.h */ = {isa = PBXFileReference; fileEncoding = 4; lastKnownFileType = sourcecode.c.h; path = NACheckBoxII.h; sourceTree = "<group>"; };
		909ECA4123B8DC4A002CA78D /* NARadioII.h */ = {isa = PBXFileReference; fileEncoding = 4; lastKnownFileType = sourcecode.c.h; path = NARadioII.h; sourceTree = "<group>"; };
		909ECA4223B8DC4A002CA78D /* NAOpenGLSpaceII.h */ = {isa = PBXFileReference; fileEncoding = 4; lastKnownFileType = sourcecode.c.h; path = NAOpenGLSpaceII.h; sourceTree = "<group>"; };
		909ECA4323B8DC4A002CA78D /* NAUICocoaII.h */ = {isa = PBXFileReference; fileEncoding = 4; lastKnownFileType = sourcecode.c.h; path = NAUICocoaII.h; sourceTree = "<group>"; };
		909ECA4423B8DC4A002CA78D /* NASpaceII.h */ = {isa = PBXFileReference; fileEncoding = 4; lastKnownFileType = sourcecode.c.h; path = NASpaceII.h; sourceTree = "<group>"; };
		909ECA4523B8DC4A002CA78D /* NAImageSpaceII.h */ = {isa = PBXFileReference; fileEncoding = 4; lastKnownFileType = sourcecode.c.h; path = NAImageSpaceII.h; sourceTree = "<group>"; };
		909ECA4623B8DC4A002CA78D /* NALabelII.h */ = {isa = PBXFileReference; fileEncoding = 4; lastKnownFileType = sourcecode.c.h; path = NALabelII.h; sourceTree = "<group>"; };
		909ECA4723B8DC4A002CA78D /* NATextFieldII.h */ = {isa = PBXFileReference; fileEncoding = 4; lastKnownFileType = sourcecode.c.h; path = NATextFieldII.h; sourceTree = "<group>"; };
		909ECA4823B8DC4A002CA78D /* NAUIImageCocoaII.h */ = {isa = PBXFileReference; fileEncoding = 4; lastKnownFileType = sourcecode.c.h; path = NAUIImageCocoaII.h; sourceTree = "<group>"; };
		909ECA4923B8DC4A002CA78D /* NATranslator.c */ = {isa = PBXFileReference; fileEncoding = 4; lastKnownFileType = sourcecode.c.c; path = NATranslator.c; sourceTree = "<group>"; };
		909ECA4A23B8DC4A002CA78D /* NAUIImageII.h */ = {isa = PBXFileReference; fileEncoding = 4; lastKnownFileType = sourcecode.c.h; path = NAUIImageII.h; sourceTree = "<group>"; };
		909ECA4B23B8DC4A002CA78D /* NAUIImage.h */ = {isa = PBXFileReference; fileEncoding = 4; lastKnownFileType = sourcecode.c.h; path = NAUIImage.h; sourceTree = "<group>"; };
		909ECA4C23B8DC4A002CA78D /* NAUICore.c */ = {isa = PBXFileReference; fileEncoding = 4; lastKnownFileType = sourcecode.c.c; path = NAUICore.c; sourceTree = "<group>"; };
		909ECA4F23B8DC4A002CA78D /* NAUIWINAPI.c */ = {isa = PBXFileReference; fileEncoding = 4; lastKnownFileType = sourcecode.c.c; path = NAUIWINAPI.c; sourceTree = "<group>"; };
		909ECA5223B8DC4A002CA78D /* NATextBoxII.h */ = {isa = PBXFileReference; fileEncoding = 4; lastKnownFileType = sourcecode.c.h; path = NATextBoxII.h; sourceTree = "<group>"; };
		909ECA5323B8DC4A002CA78D /* NAApplicationII.h */ = {isa = PBXFileReference; fileEncoding = 4; lastKnownFileType = sourcecode.c.h; path = NAApplicationII.h; sourceTree = "<group>"; };
		909ECA5423B8DC4A002CA78D /* NAUIWINAPIII.h */ = {isa = PBXFileReference; fileEncoding = 4; lastKnownFileType = sourcecode.c.h; path = NAUIWINAPIII.h; sourceTree = "<group>"; };
		909ECA5523B8DC4A002CA78D /* NAWindowII.h */ = {isa = PBXFileReference; fileEncoding = 4; lastKnownFileType = sourcecode.c.h; path = NAWindowII.h; sourceTree = "<group>"; };
		909ECA5623B8DC4A002CA78D /* NAButtonII.h */ = {isa = PBXFileReference; fileEncoding = 4; lastKnownFileType = sourcecode.c.h; path = NAButtonII.h; sourceTree = "<group>"; };
		909ECA5723B8DC4A002CA78D /* NACheckBoxII.h */ = {isa = PBXFileReference; fileEncoding = 4; lastKnownFileType = sourcecode.c.h; path = NACheckBoxII.h; sourceTree = "<group>"; };
		909ECA5823B8DC4A002CA78D /* NARadioII.h */ = {isa = PBXFileReference; fileEncoding = 4; lastKnownFileType = sourcecode.c.h; path = NARadioII.h; sourceTree = "<group>"; };
		909ECA5923B8DC4A002CA78D /* NAOpenGLSpaceII.h */ = {isa = PBXFileReference; fileEncoding = 4; lastKnownFileType = sourcecode.c.h; path = NAOpenGLSpaceII.h; sourceTree = "<group>"; };
		909ECA5A23B8DC4A002CA78D /* NASpaceII.h */ = {isa = PBXFileReference; fileEncoding = 4; lastKnownFileType = sourcecode.c.h; path = NASpaceII.h; sourceTree = "<group>"; };
		909ECA5B23B8DC4A002CA78D /* NAImageSpaceII.h */ = {isa = PBXFileReference; fileEncoding = 4; lastKnownFileType = sourcecode.c.h; path = NAImageSpaceII.h; sourceTree = "<group>"; };
		909ECA5C23B8DC4A002CA78D /* NALabelII.h */ = {isa = PBXFileReference; fileEncoding = 4; lastKnownFileType = sourcecode.c.h; path = NALabelII.h; sourceTree = "<group>"; };
		909ECA5D23B8DC4A002CA78D /* NATextFieldII.h */ = {isa = PBXFileReference; fileEncoding = 4; lastKnownFileType = sourcecode.c.h; path = NATextFieldII.h; sourceTree = "<group>"; };
		909ECA5E23B8DC4A002CA78D /* NAUIImageWINAPIII.h */ = {isa = PBXFileReference; fileEncoding = 4; lastKnownFileType = sourcecode.c.h; path = NAUIImageWINAPIII.h; sourceTree = "<group>"; };
		909ECA5F23B8DC4A002CA78D /* NAPreferencesWINAPIII.h */ = {isa = PBXFileReference; fileEncoding = 4; lastKnownFileType = sourcecode.c.h; path = NAPreferencesWINAPIII.h; sourceTree = "<group>"; };
		909ECA6023B8DC4A002CA78D /* NAUIImage.c */ = {isa = PBXFileReference; fileEncoding = 4; lastKnownFileType = sourcecode.c.c; path = NAUIImage.c; sourceTree = "<group>"; };
		909ECA6123B8DC4A002CA78D /* NABabyColor.h */ = {isa = PBXFileReference; fileEncoding = 4; lastKnownFileType = sourcecode.c.h; path = NABabyColor.h; sourceTree = "<group>"; };
		909ECA6323B8DC4A002CA78D /* NAMoney.c */ = {isa = PBXFileReference; fileEncoding = 4; lastKnownFileType = sourcecode.c.c; path = NAMoney.c; sourceTree = "<group>"; };
		909ECA6423B8DC4A002CA78D /* NAMoneyII.h */ = {isa = PBXFileReference; fileEncoding = 4; lastKnownFileType = sourcecode.c.h; path = NAMoneyII.h; sourceTree = "<group>"; };
		909ECA6523B8DC4A002CA78D /* NARandomII.h */ = {isa = PBXFileReference; fileEncoding = 4; lastKnownFileType = sourcecode.c.h; path = NARandomII.h; sourceTree = "<group>"; };
		909ECA6623B8DC4A002CA78D /* NAComplexII.h */ = {isa = PBXFileReference; fileEncoding = 4; lastKnownFileType = sourcecode.c.h; path = NAComplexII.h; sourceTree = "<group>"; };
		909ECA6823B8DC4B002CA78D /* NAVectorBaseOperations.h */ = {isa = PBXFileReference; fileEncoding = 4; lastKnownFileType = sourcecode.c.h; path = NAVectorBaseOperations.h; sourceTree = "<group>"; };
		909ECA6923B8DC4B002CA78D /* NAMatrixBaseOperations.h */ = {isa = PBXFileReference; fileEncoding = 4; lastKnownFileType = sourcecode.c.h; path = NAMatrixBaseOperations.h; sourceTree = "<group>"; };
		909ECA6A23B8DC4B002CA78D /* NAVectorComponentwise.h */ = {isa = PBXFileReference; fileEncoding = 4; lastKnownFileType = sourcecode.c.h; path = NAVectorComponentwise.h; sourceTree = "<group>"; };
		909ECA6B23B8DC4B002CA78D /* NAMatrixComparison.h */ = {isa = PBXFileReference; fileEncoding = 4; lastKnownFileType = sourcecode.c.h; path = NAMatrixComparison.h; sourceTree = "<group>"; };
		909ECA6C23B8DC4B002CA78D /* NAMatrixMultiplication.h */ = {isa = PBXFileReference; fileEncoding = 4; lastKnownFileType = sourcecode.c.h; path = NAMatrixMultiplication.h; sourceTree = "<group>"; };
		909ECA6D23B8DC4B002CA78D /* NAVectorFiller.h */ = {isa = PBXFileReference; fileEncoding = 4; lastKnownFileType = sourcecode.c.h; path = NAVectorFiller.h; sourceTree = "<group>"; };
		909ECA6E23B8DC4B002CA78D /* NAMatrixFiller.h */ = {isa = PBXFileReference; fileEncoding = 4; lastKnownFileType = sourcecode.c.h; path = NAMatrixFiller.h; sourceTree = "<group>"; };
		909ECA6F23B8DC4B002CA78D /* NAMatrixAlgebraOperations.h */ = {isa = PBXFileReference; fileEncoding = 4; lastKnownFileType = sourcecode.c.h; path = NAMatrixAlgebraOperations.h; sourceTree = "<group>"; };
		909ECA7023B8DC4B002CA78D /* NAVectorProducts.h */ = {isa = PBXFileReference; fileEncoding = 4; lastKnownFileType = sourcecode.c.h; path = NAVectorProducts.h; sourceTree = "<group>"; };
		909ECA7123B8DC4B002CA78D /* NAVectorGeometry.h */ = {isa = PBXFileReference; fileEncoding = 4; lastKnownFileType = sourcecode.c.h; path = NAVectorGeometry.h; sourceTree = "<group>"; };
		909ECA7223B8DC4B002CA78D /* NAMatrixRotations.h */ = {isa = PBXFileReference; fileEncoding = 4; lastKnownFileType = sourcecode.c.h; path = NAMatrixRotations.h; sourceTree = "<group>"; };
		909ECA7323B8DC4B002CA78D /* NAHomogeneousCoordinates.h */ = {isa = PBXFileReference; fileEncoding = 4; lastKnownFileType = sourcecode.c.h; path = NAHomogeneousCoordinates.h; sourceTree = "<group>"; };
		909ECA7423B8DC4B002CA78D /* NAMatrixComponentwise.h */ = {isa = PBXFileReference; fileEncoding = 4; lastKnownFileType = sourcecode.c.h; path = NAMatrixComponentwise.h; sourceTree = "<group>"; };
		909ECA7523B8DC4B002CA78D /* NAVectorComparison.h */ = {isa = PBXFileReference; fileEncoding = 4; lastKnownFileType = sourcecode.c.h; path = NAVectorComparison.h; sourceTree = "<group>"; };
		909ECA7623B8DC4B002CA78D /* NAVectorAlgebraII.h */ = {isa = PBXFileReference; fileEncoding = 4; lastKnownFileType = sourcecode.c.h; path = NAVectorAlgebraII.h; sourceTree = "<group>"; };
		909ECA7723B8DC4B002CA78D /* NACoordII.h */ = {isa = PBXFileReference; fileEncoding = 4; lastKnownFileType = sourcecode.c.h; path = NACoordII.h; sourceTree = "<group>"; };
		909ECA7823B8DC4B002CA78D /* NAMathOperatorsII.h */ = {isa = PBXFileReference; fileEncoding = 4; lastKnownFileType = sourcecode.c.h; path = NAMathOperatorsII.h; sourceTree = "<group>"; };
		909ECA7923B8DC4B002CA78D /* NATranslator.h */ = {isa = PBXFileReference; fileEncoding = 4; lastKnownFileType = sourcecode.c.h; path = NATranslator.h; sourceTree = "<group>"; };
		909ECA7A23B8DC4B002CA78D /* NACoord.h */ = {isa = PBXFileReference; fileEncoding = 4; lastKnownFileType = sourcecode.c.h; path = NACoord.h; sourceTree = "<group>"; };
		909ECA7B23B8DC4B002CA78D /* NAPool.h */ = {isa = PBXFileReference; fileEncoding = 4; lastKnownFileType = sourcecode.c.h; path = NAPool.h; sourceTree = "<group>"; };
		90D8E3A422FCCCAE0032C934 /* Carbon.framework */ = {isa = PBXFileReference; lastKnownFileType = wrapper.framework; name = Carbon.framework; path = System/Library/Frameworks/Carbon.framework; sourceTree = SDKROOT; };
		B9848B3D177B99B400E21D96 /* Bit Fiddle.app */ = {isa = PBXFileReference; explicitFileType = wrapper.application; includeInIndex = 0; path = "Bit Fiddle.app"; sourceTree = BUILT_PRODUCTS_DIR; };
		B9848B40177B99B400E21D96 /* Cocoa.framework */ = {isa = PBXFileReference; lastKnownFileType = wrapper.framework; name = Cocoa.framework; path = System/Library/Frameworks/Cocoa.framework; sourceTree = SDKROOT; };
/* End PBXFileReference section */

/* Begin PBXFrameworksBuildPhase section */
		B9848B3A177B99B400E21D96 /* Frameworks */ = {
			isa = PBXFrameworksBuildPhase;
			buildActionMask = 2147483647;
			files = (
				90D8E3A522FCCCAE0032C934 /* Carbon.framework in Frameworks */,
				900B78481BD6BF9200796AAB /* WebKit.framework in Frameworks */,
				B9848B41177B99B400E21D96 /* Cocoa.framework in Frameworks */,
			);
			runOnlyForDeploymentPostprocessing = 0;
		};
/* End PBXFrameworksBuildPhase section */

/* Begin PBXGroup section */
		909EC96823B8DAB5002CA78D /* BitFiddle */ = {
			isa = PBXGroup;
			children = (
				909EC96923B8DAB5002CA78D /* BitFiddle.vcxproj */,
				909EC96A23B8DAB5002CA78D /* ASCIIController.h */,
				909EC96B23B8DAB5002CA78D /* BitArray.h */,
				909EC96C23B8DAB5002CA78D /* res */,
				909EC98023B8DAB5002CA78D /* ConverterController.h */,
				909EC98123B8DAB5002CA78D /* BitFiddlePreferences.c */,
				909EC98223B8DAB5002CA78D /* BitFiddleApplication.c */,
				909EC98323B8DAB5002CA78D /* BitFiddleTranslations.h */,
				909EC98423B8DAB5002CA78D /* BitFiddleNSApplication.h */,
				909EC98523B8DAB5002CA78D /* PreferencesController.c */,
				909EC98623B8DAB5002CA78D /* ConverterController.c */,
				909EC98723B8DAB5002CA78D /* ASCIIController.c */,
				909EC98823B8DAB5002CA78D /* BitArray.c */,
				909EC98923B8DAB5002CA78D /* main.c */,
				909EC98A23B8DAB5002CA78D /* BitFiddleApplication.h */,
				909EC98B23B8DAB5002CA78D /* BitFiddlePreferences.h */,
				909EC98C23B8DAB5002CA78D /* BitFiddleNSApplication.m */,
				909EC98D23B8DAB5002CA78D /* BitFiddleTranslations.c */,
				909EC98E23B8DAB5002CA78D /* BitFiddle.h */,
				909EC98F23B8DAB5002CA78D /* PreferencesController.h */,
			);
			name = BitFiddle;
			path = ../../src/BitFiddle;
			sourceTree = "<group>";
		};
		909EC96C23B8DAB5002CA78D /* res */ = {
			isa = PBXGroup;
			children = (
				909EC96D23B8DAB5002CA78D /* win */,
				909EC96F23B8DAB5002CA78D /* BitFiddleChangelog.txt */,
				909EC97023B8DAB5002CA78D /* BitFiddleStrings_eng.h */,
				909EC97123B8DAB5002CA78D /* mac */,
				909EC97C23B8DAB5002CA78D /* help.png */,
				909EC97D23B8DAB5002CA78D /* ascii.png */,
				909EC97E23B8DAB5002CA78D /* BitFiddleStrings_deu.h */,
				909EC97F23B8DAB5002CA78D /* prefs.png */,
			);
			path = res;
			sourceTree = "<group>";
		};
		909EC96D23B8DAB5002CA78D /* win */ = {
			isa = PBXGroup;
			children = (
				909EC96E23B8DAB5002CA78D /* icon.png */,
			);
			path = win;
			sourceTree = "<group>";
		};
		909EC97123B8DAB5002CA78D /* mac */ = {
			isa = PBXGroup;
			children = (
				909EC97223B8DAB5002CA78D /* InfoPlist.strings */,
				909EC97423B8DAB5002CA78D /* MainMenu.xib */,
				909EC97623B8DAB5002CA78D /* ExpertWindow.xib */,
				909EC97923B8DAB5002CA78D /* BitFiddle.icns */,
				909EC97A23B8DAB5002CA78D /* Bit Fiddle.entitlements */,
				909EC97B23B8DAB5002CA78D /* Bit Fiddle-Info.plist */,
			);
			path = mac;
			sourceTree = "<group>";
		};
		909EC9A923B8DC3E002CA78D /* ManderApp */ = {
			isa = PBXGroup;
			children = (
				909EC9AA23B8DC3E002CA78D /* ManderApp.h */,
				909EC9AB23B8DC3E002CA78D /* ManderApp.vcxproj */,
				909EC9AC23B8DC3E002CA78D /* res */,
				909EC9AF23B8DC3E002CA78D /* ManderAppPreferences.c */,
				909EC9B023B8DC3E002CA78D /* ManderAppAbout.c */,
				909EC9B123B8DC3E002CA78D /* ManderAppTranslations.c */,
				909EC9B223B8DC3E002CA78D /* ManderApp.c */,
				909EC9B323B8DC3E002CA78D /* ManderAppPreferences.h */,
				909EC9B423B8DC3E002CA78D /* ManderAppAbout.h */,
				909EC9B523B8DC3E002CA78D /* ManderAppTranslations.h */,
			);
			name = ManderApp;
			path = ../../../ManderApp/src/ManderApp;
			sourceTree = "<group>";
		};
		909EC9AC23B8DC3E002CA78D /* res */ = {
			isa = PBXGroup;
			children = (
				909EC9AD23B8DC3E002CA78D /* ManderApp_deu.h */,
				909EC9AE23B8DC3E002CA78D /* ManderApp_eng.h */,
			);
			path = res;
			sourceTree = "<group>";
		};
		909EC9BB23B8DC4A002CA78D /* NALib */ = {
			isa = PBXGroup;
			children = (
				909EC9BC23B8DC4A002CA78D /* NAMathConstants.h */,
				909EC9BD23B8DC4A002CA78D /* NAMemory.h */,
				909EC9BE23B8DC4A002CA78D /* NAComplex.h */,
				909EC9BF23B8DC4A002CA78D /* NAConfiguration.h */,
				909EC9C023B8DC4A002CA78D /* NABase.h */,
				909EC9C123B8DC4A002CA78D /* NABuffer.h */,
				909EC9C223B8DC4A002CA78D /* NAArray.h */,
				909EC9C323B8DC4A002CA78D /* NAThreading.h */,
				909EC9C423B8DC4A002CA78D /* NAStack.h */,
				909EC9C523B8DC4A002CA78D /* NALib.vcxproj */,
				909EC9C623B8DC4A002CA78D /* NADeflate.h */,
				909EC9C723B8DC4A002CA78D /* NAList.h */,
				909EC9C823B8DC4A002CA78D /* NABabyImage.h */,
				909EC9C923B8DC4A002CA78D /* NAString.h */,
				909EC9CA23B8DC4A002CA78D /* NARandom.h */,
				909EC9CB23B8DC4A002CA78D /* NAPreferences.h */,
				909EC9CC23B8DC4A002CA78D /* NAStruct */,
				909EC9FC23B8DC4A002CA78D /* NABase */,
				909ECA0B23B8DC4A002CA78D /* NAURL.h */,
				909ECA0C23B8DC4A002CA78D /* NAHeap.h */,
				909ECA0D23B8DC4A002CA78D /* NAVisual */,
				909ECA1223B8DC4A002CA78D /* NAPNG.h */,
				909ECA1323B8DC4A002CA78D /* NAFile.h */,
				909ECA1423B8DC4A002CA78D /* NAMoney.h */,
				909ECA1523B8DC4A002CA78D /* NAVectorAlgebra.h */,
				909ECA1623B8DC4A002CA78D /* NAMathOperators.h */,
				909ECA1723B8DC4A002CA78D /* NADateTime.h */,
				909ECA1823B8DC4A002CA78D /* NABinaryData.h */,
				909ECA1923B8DC4A002CA78D /* NAUI.h */,
				909ECA1A23B8DC4A002CA78D /* NACore */,
				909ECA3123B8DC4A002CA78D /* NAKey.h */,
				909ECA3223B8DC4A002CA78D /* NATree.h */,
				909ECA3323B8DC4A002CA78D /* NACircularBuffer.h */,
				909ECA3423B8DC4A002CA78D /* NAEnvironment */,
				909ECA6123B8DC4A002CA78D /* NABabyColor.h */,
				909ECA6223B8DC4A002CA78D /* NAMath */,
				909ECA7923B8DC4B002CA78D /* NATranslator.h */,
				909ECA7A23B8DC4B002CA78D /* NACoord.h */,
				909ECA7B23B8DC4B002CA78D /* NAPool.h */,
			);
			name = NALib;
			path = ../../../NALib/src/NALib;
			sourceTree = "<group>";
		};
		909EC9CC23B8DC4A002CA78D /* NAStruct */ = {
			isa = PBXGroup;
			children = (
				909EC9CD23B8DC4A002CA78D /* NAHeap */,
				909EC9D123B8DC4A002CA78D /* NAStringII.h */,
				909EC9D223B8DC4A002CA78D /* NABuffer */,
				909EC9E523B8DC4A002CA78D /* NAStackII.h */,
				909EC9E623B8DC4A002CA78D /* NACircularBufferII.h */,
				909EC9E723B8DC4A002CA78D /* NATree */,
				909EC9F723B8DC4A002CA78D /* NAPoolII.h */,
				909EC9F823B8DC4A002CA78D /* NAListII.h */,
				909EC9F923B8DC4A002CA78D /* NAString.c */,
				909EC9FA23B8DC4A002CA78D /* NAList.c */,
				909EC9FB23B8DC4A002CA78D /* NAArrayII.h */,
			);
			path = NAStruct;
			sourceTree = "<group>";
		};
		909EC9CD23B8DC4A002CA78D /* NAHeap */ = {
			isa = PBXGroup;
			children = (
				909EC9CE23B8DC4A002CA78D /* NAHeapII.h */,
				909EC9CF23B8DC4A002CA78D /* NAHeapT.h */,
				909EC9D023B8DC4A002CA78D /* NAHeap.c */,
			);
			path = NAHeap;
			sourceTree = "<group>";
		};
		909EC9D223B8DC4A002CA78D /* NABuffer */ = {
			isa = PBXGroup;
			children = (
				909EC9D323B8DC4A002CA78D /* NABufferII.h */,
				909EC9D423B8DC4A002CA78D /* NABufferManipulation.c */,
				909EC9D523B8DC4A002CA78D /* NABufferPart.c */,
				909EC9D623B8DC4A002CA78D /* NABufferWriteII.h */,
				909EC9D723B8DC4A002CA78D /* NABufferRead.c */,
				909EC9D823B8DC4A002CA78D /* NABufferIterationII.h */,
				909EC9D923B8DC4A002CA78D /* NABufferParseII.h */,
				909EC9DA23B8DC4A002CA78D /* NABufferIteration.c */,
				909EC9DB23B8DC4A002CA78D /* NABufferWrite.c */,
				909EC9DC23B8DC4A002CA78D /* NABufferHelperII.h */,
				909EC9DD23B8DC4A002CA78D /* NAMemoryBlockII.h */,
				909EC9DE23B8DC4A002CA78D /* NABufferParse.c */,
				909EC9DF23B8DC4A002CA78D /* NABufferPartII.h */,
				909EC9E023B8DC4A002CA78D /* NABuffer.c */,
				909EC9E123B8DC4A002CA78D /* NAMemoryBlock.c */,
				909EC9E223B8DC4A002CA78D /* NABufferReadII.h */,
				909EC9E323B8DC4A002CA78D /* NABufferSource.c */,
				909EC9E423B8DC4A002CA78D /* NABufferSourceII.h */,
			);
			path = NABuffer;
			sourceTree = "<group>";
		};
		909EC9E723B8DC4A002CA78D /* NATree */ = {
			isa = PBXGroup;
			children = (
				909EC9E823B8DC4A002CA78D /* NATreeOct.h */,
				909EC9E923B8DC4A002CA78D /* NATreeBin.h */,
				909EC9EA23B8DC4A002CA78D /* NATree.c */,
				909EC9EB23B8DC4A002CA78D /* NATreeIteration.c */,
				909EC9EC23B8DC4A002CA78D /* NATreeQuad.h */,
				909EC9ED23B8DC4A002CA78D /* NATreeConfigurationII.h */,
				909EC9EE23B8DC4A002CA78D /* NATreeII.h */,
				909EC9EF23B8DC4A002CA78D /* NATreeIterationII.h */,
				909EC9F023B8DC4A002CA78D /* NATreeBin.c */,
				909EC9F123B8DC4A002CA78D /* NATreeOct.c */,
				909EC9F223B8DC4A002CA78D /* NATreeQuad.c */,
				909EC9F323B8DC4A002CA78D /* NATreeConfiguration.c */,
				909EC9F423B8DC4A002CA78D /* NATreeUtilitiesII.h */,
				909EC9F523B8DC4A002CA78D /* NATreeAVL.c */,
				909EC9F623B8DC4A002CA78D /* NATreeItemII.h */,
			);
			path = NATree;
			sourceTree = "<group>";
		};
		909EC9FC23B8DC4A002CA78D /* NABase */ = {
			isa = PBXGroup;
			children = (
				909EC9FD23B8DC4A002CA78D /* NAInteger.h */,
				909EC9FE23B8DC4A002CA78D /* NADebug.c */,
				909EC9FF23B8DC4A002CA78D /* NANumerics.h */,
				909ECA0023B8DC4A002CA78D /* NATemplate.h */,
				909ECA0123B8DC4A002CA78D /* NAFloatingPoint.h */,
				909ECA0223B8DC4A002CA78D /* NAInt64II.h */,
				909ECA0323B8DC4A002CA78D /* NAChar.h */,
				909ECA0423B8DC4A002CA78D /* NAEnvironment.h */,
				909ECA0523B8DC4A002CA78D /* NADebug.h */,
				909ECA0623B8DC4A002CA78D /* NALanguage.h */,
				909ECA0723B8DC4A002CA78D /* NAInt64.h */,
				909ECA0823B8DC4A002CA78D /* NANumericsII.h */,
				909ECA0923B8DC4A002CA78D /* NAFloatingPointII.h */,
				909ECA0A23B8DC4A002CA78D /* NACompiler.h */,
			);
			path = NABase;
			sourceTree = "<group>";
		};
		909ECA0D23B8DC4A002CA78D /* NAVisual */ = {
			isa = PBXGroup;
			children = (
				909ECA0E23B8DC4A002CA78D /* NAPNG.c */,
				909ECA0F23B8DC4A002CA78D /* NABabyColor.c */,
				909ECA1023B8DC4A002CA78D /* NABabyImage.c */,
				909ECA1123B8DC4A002CA78D /* NADeflate.c */,
			);
			path = NAVisual;
			sourceTree = "<group>";
		};
		909ECA1A23B8DC4A002CA78D /* NACore */ = {
			isa = PBXGroup;
			children = (
				909ECA1B23B8DC4A002CA78D /* NAFile.c */,
				909ECA1C23B8DC4A002CA78D /* NADateTime.c */,
				909ECA1D23B8DC4A002CA78D /* NADateTimeII.h */,
				909ECA1E23B8DC4A002CA78D /* NAThreadingII.h */,
				909ECA1F23B8DC4A002CA78D /* NAURLII.h */,
				909ECA2023B8DC4A002CA78D /* NAFileII.h */,
				909ECA2123B8DC4A002CA78D /* NAKeyII.h */,
				909ECA2223B8DC4A002CA78D /* NAURL.c */,
				909ECA2323B8DC4A002CA78D /* NAMemory */,
				909ECA2C23B8DC4A002CA78D /* NAValueHelper.h */,
				909ECA2D23B8DC4A002CA78D /* NABinaryData */,
			);
			path = NACore;
			sourceTree = "<group>";
		};
		909ECA2323B8DC4A002CA78D /* NAMemory */ = {
			isa = PBXGroup;
			children = (
				909ECA2423B8DC4A002CA78D /* NARuntimeII.h */,
				909ECA2523B8DC4A002CA78D /* NARefCountII.h */,
				909ECA2623B8DC4A002CA78D /* NAMallocFreeII.h */,
				909ECA2723B8DC4A002CA78D /* NAMemoryII.h */,
				909ECA2823B8DC4A002CA78D /* NAPointerII.h */,
				909ECA2923B8DC4A002CA78D /* NAPtrII.h */,
				909ECA2A23B8DC4A002CA78D /* NASmartPtrII.h */,
				909ECA2B23B8DC4A002CA78D /* NARuntime.c */,
			);
			path = NAMemory;
			sourceTree = "<group>";
		};
		909ECA2D23B8DC4A002CA78D /* NABinaryData */ = {
			isa = PBXGroup;
			children = (
				909ECA2E23B8DC4A002CA78D /* NABinaryData.c */,
				909ECA2F23B8DC4A002CA78D /* NABinaryDataII.h */,
				909ECA3023B8DC4A002CA78D /* NAEndiannessII.h */,
			);
			path = NABinaryData;
			sourceTree = "<group>";
		};
		909ECA3423B8DC4A002CA78D /* NAEnvironment */ = {
			isa = PBXGroup;
			children = (
				909ECA3523B8DC4A002CA78D /* NAUICore.h */,
				909ECA3623B8DC4A002CA78D /* macOS */,
				909ECA4923B8DC4A002CA78D /* NATranslator.c */,
				909ECA4A23B8DC4A002CA78D /* NAUIImageII.h */,
				909ECA4B23B8DC4A002CA78D /* NAUIImage.h */,
				909ECA4C23B8DC4A002CA78D /* NAUICore.c */,
				909ECA4D23B8DC4A002CA78D /* Windows */,
				909ECA6023B8DC4A002CA78D /* NAUIImage.c */,
			);
			path = NAEnvironment;
			sourceTree = "<group>";
		};
		909ECA3623B8DC4A002CA78D /* macOS */ = {
			isa = PBXGroup;
			children = (
				909ECA3723B8DC4A002CA78D /* Cocoa */,
			);
			path = macOS;
			sourceTree = "<group>";
		};
		909ECA3723B8DC4A002CA78D /* Cocoa */ = {
			isa = PBXGroup;
			children = (
				909ECA3823B8DC4A002CA78D /* NACocoa.m */,
				909ECA3923B8DC4A002CA78D /* ObjectiveC */,
			);
			path = Cocoa;
			sourceTree = "<group>";
		};
		909ECA3923B8DC4A002CA78D /* ObjectiveC */ = {
			isa = PBXGroup;
			children = (
				909ECA3A23B8DC4A002CA78D /* NAPreferencesCocoaII.h */,
				909ECA3B23B8DC4A002CA78D /* UI */,
				909ECA4823B8DC4A002CA78D /* NAUIImageCocoaII.h */,
			);
			path = ObjectiveC;
			sourceTree = "<group>";
		};
		909ECA3B23B8DC4A002CA78D /* UI */ = {
			isa = PBXGroup;
			children = (
				909ECA3C23B8DC4A002CA78D /* NATextBoxII.h */,
				909ECA3D23B8DC4A002CA78D /* NAApplicationII.h */,
				909ECA3E23B8DC4A002CA78D /* NAWindowII.h */,
				909ECA3F23B8DC4A002CA78D /* NAButtonII.h */,
				909ECA4023B8DC4A002CA78D /* NACheckBoxII.h */,
				909ECA4123B8DC4A002CA78D /* NARadioII.h */,
				909ECA4223B8DC4A002CA78D /* NAOpenGLSpaceII.h */,
				909ECA4323B8DC4A002CA78D /* NAUICocoaII.h */,
				909ECA4423B8DC4A002CA78D /* NASpaceII.h */,
				909ECA4523B8DC4A002CA78D /* NAImageSpaceII.h */,
				909ECA4623B8DC4A002CA78D /* NALabelII.h */,
				909ECA4723B8DC4A002CA78D /* NATextFieldII.h */,
			);
			path = UI;
			sourceTree = "<group>";
		};
		909ECA4D23B8DC4A002CA78D /* Windows */ = {
			isa = PBXGroup;
			children = (
				909ECA4E23B8DC4A002CA78D /* WINAPI */,
			);
			path = Windows;
			sourceTree = "<group>";
		};
		909ECA4E23B8DC4A002CA78D /* WINAPI */ = {
			isa = PBXGroup;
			children = (
				909ECA4F23B8DC4A002CA78D /* NAUIWINAPI.c */,
				909ECA5023B8DC4A002CA78D /* C */,
			);
			path = WINAPI;
			sourceTree = "<group>";
		};
		909ECA5023B8DC4A002CA78D /* C */ = {
			isa = PBXGroup;
			children = (
				909ECA5123B8DC4A002CA78D /* UI */,
				909ECA5E23B8DC4A002CA78D /* NAUIImageWINAPIII.h */,
				909ECA5F23B8DC4A002CA78D /* NAPreferencesWINAPIII.h */,
			);
			path = C;
			sourceTree = "<group>";
		};
		909ECA5123B8DC4A002CA78D /* UI */ = {
			isa = PBXGroup;
			children = (
				909ECA5223B8DC4A002CA78D /* NATextBoxII.h */,
				909ECA5323B8DC4A002CA78D /* NAApplicationII.h */,
				909ECA5423B8DC4A002CA78D /* NAUIWINAPIII.h */,
				909ECA5523B8DC4A002CA78D /* NAWindowII.h */,
				909ECA5623B8DC4A002CA78D /* NAButtonII.h */,
				909ECA5723B8DC4A002CA78D /* NACheckBoxII.h */,
				909ECA5823B8DC4A002CA78D /* NARadioII.h */,
				909ECA5923B8DC4A002CA78D /* NAOpenGLSpaceII.h */,
				909ECA5A23B8DC4A002CA78D /* NASpaceII.h */,
				909ECA5B23B8DC4A002CA78D /* NAImageSpaceII.h */,
				909ECA5C23B8DC4A002CA78D /* NALabelII.h */,
				909ECA5D23B8DC4A002CA78D /* NATextFieldII.h */,
			);
			path = UI;
			sourceTree = "<group>";
		};
		909ECA6223B8DC4A002CA78D /* NAMath */ = {
			isa = PBXGroup;
			children = (
				909ECA6323B8DC4A002CA78D /* NAMoney.c */,
				909ECA6423B8DC4A002CA78D /* NAMoneyII.h */,
				909ECA6523B8DC4A002CA78D /* NARandomII.h */,
				909ECA6623B8DC4A002CA78D /* NAComplexII.h */,
				909ECA6723B8DC4B002CA78D /* NAVectorAlgebra */,
				909ECA7623B8DC4B002CA78D /* NAVectorAlgebraII.h */,
				909ECA7723B8DC4B002CA78D /* NACoordII.h */,
				909ECA7823B8DC4B002CA78D /* NAMathOperatorsII.h */,
			);
			path = NAMath;
			sourceTree = "<group>";
		};
		909ECA6723B8DC4B002CA78D /* NAVectorAlgebra */ = {
			isa = PBXGroup;
			children = (
				909ECA6823B8DC4B002CA78D /* NAVectorBaseOperations.h */,
				909ECA6923B8DC4B002CA78D /* NAMatrixBaseOperations.h */,
				909ECA6A23B8DC4B002CA78D /* NAVectorComponentwise.h */,
				909ECA6B23B8DC4B002CA78D /* NAMatrixComparison.h */,
				909ECA6C23B8DC4B002CA78D /* NAMatrixMultiplication.h */,
				909ECA6D23B8DC4B002CA78D /* NAVectorFiller.h */,
				909ECA6E23B8DC4B002CA78D /* NAMatrixFiller.h */,
				909ECA6F23B8DC4B002CA78D /* NAMatrixAlgebraOperations.h */,
				909ECA7023B8DC4B002CA78D /* NAVectorProducts.h */,
				909ECA7123B8DC4B002CA78D /* NAVectorGeometry.h */,
				909ECA7223B8DC4B002CA78D /* NAMatrixRotations.h */,
				909ECA7323B8DC4B002CA78D /* NAHomogeneousCoordinates.h */,
				909ECA7423B8DC4B002CA78D /* NAMatrixComponentwise.h */,
				909ECA7523B8DC4B002CA78D /* NAVectorComparison.h */,
			);
			path = NAVectorAlgebra;
			sourceTree = "<group>";
		};
		B9848B32177B996600E21D96 = {
			isa = PBXGroup;
			children = (
				909EC9BB23B8DC4A002CA78D /* NALib */,
				909EC9A923B8DC3E002CA78D /* ManderApp */,
				909EC96823B8DAB5002CA78D /* BitFiddle */,
				B9848B3F177B99B400E21D96 /* Frameworks */,
				B9848B3E177B99B400E21D96 /* Products */,
			);
			sourceTree = "<group>";
		};
		B9848B3E177B99B400E21D96 /* Products */ = {
			isa = PBXGroup;
			children = (
				B9848B3D177B99B400E21D96 /* Bit Fiddle.app */,
			);
			name = Products;
			sourceTree = "<group>";
		};
		B9848B3F177B99B400E21D96 /* Frameworks */ = {
			isa = PBXGroup;
			children = (
				90D8E3A422FCCCAE0032C934 /* Carbon.framework */,
				900B78471BD6BF9200796AAB /* WebKit.framework */,
				B9848B40177B99B400E21D96 /* Cocoa.framework */,
			);
			name = Frameworks;
			sourceTree = "<group>";
		};
/* End PBXGroup section */

/* Begin PBXNativeTarget section */
		B9848B3C177B99B400E21D96 /* Bit Fiddle */ = {
			isa = PBXNativeTarget;
			buildConfigurationList = B9848B58177B99B400E21D96 /* Build configuration list for PBXNativeTarget "Bit Fiddle" */;
			buildPhases = (
				B9848B39177B99B400E21D96 /* Sources */,
				B9848B3A177B99B400E21D96 /* Frameworks */,
				B9848B3B177B99B400E21D96 /* Resources */,
			);
			buildRules = (
			);
			dependencies = (
			);
			name = "Bit Fiddle";
			productName = "Bit Fiddle";
			productReference = B9848B3D177B99B400E21D96 /* Bit Fiddle.app */;
			productType = "com.apple.product-type.application";
		};
/* End PBXNativeTarget section */

/* Begin PBXProject section */
		B9848B33177B996600E21D96 /* Project object */ = {
			isa = PBXProject;
			attributes = {
				LastUpgradeCheck = 0500;
				TargetAttributes = {
					B9848B3C177B99B400E21D96 = {
						DevelopmentTeam = YH3QFD54JB;
						ProvisioningStyle = Automatic;
					};
				};
			};
			buildConfigurationList = B9848B36177B996600E21D96 /* Build configuration list for PBXProject "Bit Fiddle" */;
			compatibilityVersion = "Xcode 3.2";
			developmentRegion = English;
			hasScannedForEncodings = 0;
			knownRegions = (
				English,
				en,
				de,
			);
			mainGroup = B9848B32177B996600E21D96;
			productRefGroup = B9848B3E177B99B400E21D96 /* Products */;
			projectDirPath = "";
			projectRoot = "";
			targets = (
				B9848B3C177B99B400E21D96 /* Bit Fiddle */,
			);
		};
/* End PBXProject section */

/* Begin PBXResourcesBuildPhase section */
		B9848B3B177B99B400E21D96 /* Resources */ = {
			isa = PBXResourcesBuildPhase;
			buildActionMask = 2147483647;
			files = (
				909EC99123B8DAB5002CA78D /* icon.png in Resources */,
				909EC99923B8DAB5002CA78D /* ascii.png in Resources */,
				909EC99523B8DAB5002CA78D /* ExpertWindow.xib in Resources */,
				909EC9B623B8DC3F002CA78D /* ManderApp.vcxproj in Resources */,
				909EC99823B8DAB5002CA78D /* help.png in Resources */,
				909EC99423B8DAB5002CA78D /* MainMenu.xib in Resources */,
				909EC99323B8DAB5002CA78D /* InfoPlist.strings in Resources */,
				909EC99023B8DAB5002CA78D /* BitFiddle.vcxproj in Resources */,
				909EC99223B8DAB5002CA78D /* BitFiddleChangelog.txt in Resources */,
				909EC99A23B8DAB5002CA78D /* prefs.png in Resources */,
				909ECA7C23B8DC4B002CA78D /* NALib.vcxproj in Resources */,
				909EC99623B8DAB5002CA78D /* BitFiddle.icns in Resources */,
			);
			runOnlyForDeploymentPostprocessing = 0;
		};
/* End PBXResourcesBuildPhase section */

/* Begin PBXSourcesBuildPhase section */
		B9848B39177B99B400E21D96 /* Sources */ = {
			isa = PBXSourcesBuildPhase;
			buildActionMask = 2147483647;
			files = (
				909ECA8723B8DC4B002CA78D /* NATree.c in Sources */,
				909EC99D23B8DAB5002CA78D /* PreferencesController.c in Sources */,
				909ECA9723B8DC4B002CA78D /* NAURL.c in Sources */,
				909ECA9923B8DC4B002CA78D /* NABinaryData.c in Sources */,
				909EC9B723B8DC3F002CA78D /* ManderAppPreferences.c in Sources */,
				909EC99C23B8DAB5002CA78D /* BitFiddleApplication.c in Sources */,
				909ECA9523B8DC4B002CA78D /* NAFile.c in Sources */,
				909ECA8F23B8DC4B002CA78D /* NAList.c in Sources */,
				909EC99E23B8DAB5002CA78D /* ConverterController.c in Sources */,
				909ECA7E23B8DC4B002CA78D /* NABufferManipulation.c in Sources */,
				909EC99B23B8DAB5002CA78D /* BitFiddlePreferences.c in Sources */,
				909EC99F23B8DAB5002CA78D /* ASCIIController.c in Sources */,
				909ECA8C23B8DC4B002CA78D /* NATreeConfiguration.c in Sources */,
				909ECA9823B8DC4B002CA78D /* NARuntime.c in Sources */,
				909ECA9323B8DC4B002CA78D /* NABabyImage.c in Sources */,
				909ECA9223B8DC4B002CA78D /* NABabyColor.c in Sources */,
				909ECA9E23B8DC4B002CA78D /* NAUIImage.c in Sources */,
				909EC9B923B8DC3F002CA78D /* ManderAppTranslations.c in Sources */,
				909ECA8323B8DC4B002CA78D /* NABufferParse.c in Sources */,
				909ECA8023B8DC4B002CA78D /* NABufferRead.c in Sources */,
				909EC9BA23B8DC3F002CA78D /* ManderApp.c in Sources */,
				909ECA8A23B8DC4B002CA78D /* NATreeOct.c in Sources */,
				909ECA8523B8DC4B002CA78D /* NAMemoryBlock.c in Sources */,
				909EC9B823B8DC3F002CA78D /* ManderAppAbout.c in Sources */,
				909EC9A023B8DAB5002CA78D /* BitArray.c in Sources */,
				909ECA9C23B8DC4B002CA78D /* NAUICore.c in Sources */,
				909ECA8423B8DC4B002CA78D /* NABuffer.c in Sources */,
				909ECA8E23B8DC4B002CA78D /* NAString.c in Sources */,
				909ECA8D23B8DC4B002CA78D /* NATreeAVL.c in Sources */,
				909EC9A123B8DAB5002CA78D /* main.c in Sources */,
				909EC9A323B8DAB5002CA78D /* BitFiddleTranslations.c in Sources */,
				909ECA9D23B8DC4B002CA78D /* NAUIWINAPI.c in Sources */,
				909ECA8B23B8DC4B002CA78D /* NATreeQuad.c in Sources */,
				909ECA9F23B8DC4B002CA78D /* NAMoney.c in Sources */,
				909ECA9023B8DC4B002CA78D /* NADebug.c in Sources */,
				909ECA8923B8DC4B002CA78D /* NATreeBin.c in Sources */,
				909ECA9B23B8DC4B002CA78D /* NATranslator.c in Sources */,
				909ECA9123B8DC4B002CA78D /* NAPNG.c in Sources */,
				909ECA9623B8DC4B002CA78D /* NADateTime.c in Sources */,
				909ECA9423B8DC4B002CA78D /* NADeflate.c in Sources */,
				909ECA8823B8DC4B002CA78D /* NATreeIteration.c in Sources */,
				909ECA7D23B8DC4B002CA78D /* NAHeap.c in Sources */,
				909ECA8223B8DC4B002CA78D /* NABufferWrite.c in Sources */,
				909EC9A223B8DAB5002CA78D /* BitFiddleNSApplication.m in Sources */,
				909ECA9A23B8DC4B002CA78D /* NACocoa.m in Sources */,
				909ECA8123B8DC4B002CA78D /* NABufferIteration.c in Sources */,
				909ECA8623B8DC4B002CA78D /* NABufferSource.c in Sources */,
				909ECA7F23B8DC4B002CA78D /* NABufferPart.c in Sources */,
			);
			runOnlyForDeploymentPostprocessing = 0;
		};
/* End PBXSourcesBuildPhase section */

/* Begin PBXVariantGroup section */
		909EC97223B8DAB5002CA78D /* InfoPlist.strings */ = {
			isa = PBXVariantGroup;
			children = (
				909EC97323B8DAB5002CA78D /* de */,
				909EC97723B8DAB5002CA78D /* en */,
			);
			name = InfoPlist.strings;
			sourceTree = "<group>";
		};
		909EC97423B8DAB5002CA78D /* MainMenu.xib */ = {
			isa = PBXVariantGroup;
			children = (
				909EC97523B8DAB5002CA78D /* de */,
				909EC97823B8DAB5002CA78D /* en */,
			);
			name = MainMenu.xib;
			sourceTree = "<group>";
		};
/* End PBXVariantGroup section */

/* Begin XCBuildConfiguration section */
		B9432DC717E61D440075F638 /* Optimize */ = {
			isa = XCBuildConfiguration;
			buildSettings = {
				CLANG_WARN_ASSIGN_ENUM = YES;
				CLANG_WARN_BLOCK_CAPTURE_AUTORELEASING = YES;
				CLANG_WARN_BOOL_CONVERSION = YES;
				CLANG_WARN_COMMA = YES;
				CLANG_WARN_DOCUMENTATION_COMMENTS = YES;
				CLANG_WARN_FLOAT_CONVERSION = YES;
				CLANG_WARN_IMPLICIT_SIGN_CONVERSION = YES;
				CLANG_WARN_INFINITE_RECURSION = YES;
				CLANG_WARN_NON_LITERAL_NULL_CONVERSION = YES;
				CLANG_WARN_QUOTED_INCLUDE_IN_FRAMEWORK_HEADER = YES;
				CLANG_WARN_SEMICOLON_BEFORE_METHOD_BODY = YES;
				CLANG_WARN_STRICT_PROTOTYPES = YES;
				CLANG_WARN_SUSPICIOUS_IMPLICIT_CONVERSION = YES;
				CLANG_WARN_UNREACHABLE_CODE = YES;
				COPY_PHASE_STRIP = NO;
				DEPLOYMENT_POSTPROCESSING = YES;
				GCC_DEBUGGING_SYMBOLS = full;
				GCC_GENERATE_DEBUGGING_SYMBOLS = YES;
				GCC_OPTIMIZATION_LEVEL = fast;
				GCC_PREPROCESSOR_DEFINITIONS = (
					NDEBUG,
					"NA_CONFIG_COMPILE_GUI=1",
				);
				GCC_VERSION = "";
				GCC_WARN_ABOUT_MISSING_FIELD_INITIALIZERS = YES;
				GCC_WARN_ABOUT_MISSING_NEWLINE = YES;
				GCC_WARN_ABOUT_MISSING_PROTOTYPES = NO;
				GCC_WARN_FOUR_CHARACTER_CONSTANTS = YES;
				GCC_WARN_INITIALIZER_NOT_FULLY_BRACKETED = YES;
				GCC_WARN_SHADOW = YES;
				GCC_WARN_SIGN_COMPARE = YES;
				GCC_WARN_UNKNOWN_PRAGMAS = YES;
				GCC_WARN_UNUSED_FUNCTION = YES;
				GCC_WARN_UNUSED_LABEL = YES;
				GCC_WARN_UNUSED_PARAMETER = YES;
				STRIP_INSTALLED_PRODUCT = NO;
				VALID_ARCHS = x86_64;
			};
			name = Optimize;
		};
		B9432DC817E61D440075F638 /* Optimize */ = {
			isa = XCBuildConfiguration;
			buildSettings = {
				ALWAYS_SEARCH_USER_PATHS = NO;
				ARCHS = "$(ARCHS_STANDARD_32_64_BIT)";
				CLANG_WARN_CONSTANT_CONVERSION = YES;
				CLANG_WARN_EMPTY_BODY = YES;
				CLANG_WARN_ENUM_CONVERSION = YES;
				CLANG_WARN_INT_CONVERSION = YES;
				CLANG_WARN__DUPLICATE_METHOD_MATCH = YES;
				CODE_SIGN_ENTITLEMENTS = "../../src/BitFiddle/res/mac/Bit Fiddle.entitlements";
				CODE_SIGN_IDENTITY = "Mac Developer";
				"CODE_SIGN_IDENTITY[sdk=macosx*]" = "Mac Developer";
				CODE_SIGN_STYLE = Automatic;
				COMBINE_HIDPI_IMAGES = YES;
				COPY_PHASE_STRIP = YES;
				DEBUG_INFORMATION_FORMAT = "dwarf-with-dsym";
				DEVELOPMENT_TEAM = YH3QFD54JB;
				GCC_WARN_64_TO_32_BIT_CONVERSION = YES;
				GCC_WARN_ABOUT_RETURN_TYPE = YES;
				GCC_WARN_UNINITIALIZED_AUTOS = NO;
				GCC_WARN_UNUSED_VARIABLE = YES;
				INFOPLIST_FILE = "../../src/BitFiddle/res/mac/Bit Fiddle-Info.plist";
				MACOSX_DEPLOYMENT_TARGET = 10.6;
				PRODUCT_BUNDLE_IDENTIFIER = "ch.manderim.Bit-Fiddle";
				PRODUCT_NAME = "$(TARGET_NAME)";
				PROVISIONING_PROFILE = "";
				PROVISIONING_PROFILE_SPECIFIER = "";
				WRAPPER_EXTENSION = app;
			};
			name = Optimize;
		};
		B9848B37177B996600E21D96 /* Debug */ = {
			isa = XCBuildConfiguration;
			buildSettings = {
				CLANG_WARN_ASSIGN_ENUM = YES;
				CLANG_WARN_BLOCK_CAPTURE_AUTORELEASING = YES;
				CLANG_WARN_BOOL_CONVERSION = YES;
				CLANG_WARN_COMMA = YES;
				CLANG_WARN_DOCUMENTATION_COMMENTS = YES;
				CLANG_WARN_FLOAT_CONVERSION = YES;
				CLANG_WARN_IMPLICIT_SIGN_CONVERSION = YES;
				CLANG_WARN_INFINITE_RECURSION = YES;
				CLANG_WARN_NON_LITERAL_NULL_CONVERSION = YES;
				CLANG_WARN_QUOTED_INCLUDE_IN_FRAMEWORK_HEADER = YES;
				CLANG_WARN_SEMICOLON_BEFORE_METHOD_BODY = YES;
				CLANG_WARN_STRICT_PROTOTYPES = YES;
				CLANG_WARN_SUSPICIOUS_IMPLICIT_CONVERSION = YES;
				CLANG_WARN_UNREACHABLE_CODE = YES;
				COPY_PHASE_STRIP = NO;
				GCC_OPTIMIZATION_LEVEL = 0;
				GCC_PREPROCESSOR_DEFINITIONS = "NA_CONFIG_COMPILE_GUI=1";
				GCC_VERSION = "";
				GCC_WARN_ABOUT_MISSING_FIELD_INITIALIZERS = YES;
				GCC_WARN_ABOUT_MISSING_NEWLINE = YES;
				GCC_WARN_ABOUT_MISSING_PROTOTYPES = NO;
				GCC_WARN_FOUR_CHARACTER_CONSTANTS = YES;
				GCC_WARN_INITIALIZER_NOT_FULLY_BRACKETED = YES;
				GCC_WARN_SHADOW = YES;
				GCC_WARN_SIGN_COMPARE = YES;
				GCC_WARN_UNKNOWN_PRAGMAS = YES;
				GCC_WARN_UNUSED_FUNCTION = YES;
				GCC_WARN_UNUSED_LABEL = YES;
				GCC_WARN_UNUSED_PARAMETER = YES;
				ONLY_ACTIVE_ARCH = YES;
				VALID_ARCHS = x86_64;
			};
			name = Debug;
		};
		B9848B38177B996600E21D96 /* Release */ = {
			isa = XCBuildConfiguration;
			buildSettings = {
				CLANG_WARN_ASSIGN_ENUM = YES;
				CLANG_WARN_BLOCK_CAPTURE_AUTORELEASING = YES;
				CLANG_WARN_BOOL_CONVERSION = YES;
				CLANG_WARN_COMMA = YES;
				CLANG_WARN_DOCUMENTATION_COMMENTS = YES;
				CLANG_WARN_FLOAT_CONVERSION = YES;
				CLANG_WARN_IMPLICIT_SIGN_CONVERSION = YES;
				CLANG_WARN_INFINITE_RECURSION = YES;
				CLANG_WARN_NON_LITERAL_NULL_CONVERSION = YES;
				CLANG_WARN_QUOTED_INCLUDE_IN_FRAMEWORK_HEADER = YES;
				CLANG_WARN_SEMICOLON_BEFORE_METHOD_BODY = YES;
				CLANG_WARN_STRICT_PROTOTYPES = YES;
				CLANG_WARN_SUSPICIOUS_IMPLICIT_CONVERSION = YES;
				CLANG_WARN_UNREACHABLE_CODE = YES;
				COPY_PHASE_STRIP = NO;
				DEPLOYMENT_POSTPROCESSING = YES;
				GCC_GENERATE_DEBUGGING_SYMBOLS = NO;
				GCC_PREPROCESSOR_DEFINITIONS = (
					NDEBUG,
					"NA_CONFIG_COMPILE_GUI=1",
				);
				GCC_VERSION = "";
				GCC_WARN_ABOUT_MISSING_FIELD_INITIALIZERS = YES;
				GCC_WARN_ABOUT_MISSING_NEWLINE = YES;
				GCC_WARN_ABOUT_MISSING_PROTOTYPES = NO;
				GCC_WARN_FOUR_CHARACTER_CONSTANTS = YES;
				GCC_WARN_INITIALIZER_NOT_FULLY_BRACKETED = YES;
				GCC_WARN_SHADOW = YES;
				GCC_WARN_SIGN_COMPARE = YES;
				GCC_WARN_UNKNOWN_PRAGMAS = YES;
				GCC_WARN_UNUSED_FUNCTION = YES;
				GCC_WARN_UNUSED_LABEL = YES;
				GCC_WARN_UNUSED_PARAMETER = YES;
				VALID_ARCHS = x86_64;
			};
			name = Release;
		};
		B9848B59177B99B400E21D96 /* Debug */ = {
			isa = XCBuildConfiguration;
			buildSettings = {
				ALWAYS_SEARCH_USER_PATHS = NO;
				ARCHS = "$(ARCHS_STANDARD_32_64_BIT)";
				CLANG_WARN_CONSTANT_CONVERSION = YES;
				CLANG_WARN_EMPTY_BODY = YES;
				CLANG_WARN_ENUM_CONVERSION = YES;
				CLANG_WARN_INT_CONVERSION = YES;
				CLANG_WARN__DUPLICATE_METHOD_MATCH = YES;
				CODE_SIGN_ENTITLEMENTS = "../../src/BitFiddle/res/mac/Bit Fiddle.entitlements";
				CODE_SIGN_IDENTITY = "Mac Developer";
				"CODE_SIGN_IDENTITY[sdk=macosx*]" = "Mac Developer";
				CODE_SIGN_STYLE = Automatic;
				COMBINE_HIDPI_IMAGES = YES;
				COPY_PHASE_STRIP = NO;
				DEVELOPMENT_TEAM = YH3QFD54JB;
				GCC_DYNAMIC_NO_PIC = NO;
				GCC_OPTIMIZATION_LEVEL = 0;
				GCC_SYMBOLS_PRIVATE_EXTERN = NO;
				GCC_WARN_64_TO_32_BIT_CONVERSION = YES;
				GCC_WARN_ABOUT_RETURN_TYPE = YES;
				GCC_WARN_UNINITIALIZED_AUTOS = NO;
				GCC_WARN_UNUSED_VARIABLE = YES;
				INFOPLIST_FILE = "../../src/BitFiddle/res/mac/Bit Fiddle-Info.plist";
				MACOSX_DEPLOYMENT_TARGET = 10.6;
				ONLY_ACTIVE_ARCH = YES;
				PRODUCT_BUNDLE_IDENTIFIER = "ch.manderim.Bit-Fiddle";
				PRODUCT_NAME = "$(TARGET_NAME)";
				PROVISIONING_PROFILE = "";
				PROVISIONING_PROFILE_SPECIFIER = "";
				WRAPPER_EXTENSION = app;
			};
			name = Debug;
		};
		B9848B5A177B99B400E21D96 /* Release */ = {
			isa = XCBuildConfiguration;
			buildSettings = {
				ALWAYS_SEARCH_USER_PATHS = NO;
				ARCHS = "$(ARCHS_STANDARD_32_64_BIT)";
				CLANG_WARN_CONSTANT_CONVERSION = YES;
				CLANG_WARN_EMPTY_BODY = YES;
				CLANG_WARN_ENUM_CONVERSION = YES;
				CLANG_WARN_INT_CONVERSION = YES;
				CLANG_WARN__DUPLICATE_METHOD_MATCH = YES;
				CODE_SIGN_ENTITLEMENTS = "../../src/BitFiddle/res/mac/Bit Fiddle.entitlements";
				CODE_SIGN_IDENTITY = "Mac Developer";
				"CODE_SIGN_IDENTITY[sdk=macosx*]" = "Mac Developer";
				CODE_SIGN_STYLE = Automatic;
				COMBINE_HIDPI_IMAGES = YES;
				COPY_PHASE_STRIP = YES;
				DEBUG_INFORMATION_FORMAT = "dwarf-with-dsym";
				DEVELOPMENT_TEAM = YH3QFD54JB;
				GCC_WARN_64_TO_32_BIT_CONVERSION = YES;
				GCC_WARN_ABOUT_RETURN_TYPE = YES;
				GCC_WARN_UNINITIALIZED_AUTOS = NO;
				GCC_WARN_UNUSED_VARIABLE = YES;
				INFOPLIST_FILE = "../../src/BitFiddle/res/mac/Bit Fiddle-Info.plist";
				MACOSX_DEPLOYMENT_TARGET = 10.6;
				PRODUCT_BUNDLE_IDENTIFIER = "ch.manderim.Bit-Fiddle";
				PRODUCT_NAME = "$(TARGET_NAME)";
				PROVISIONING_PROFILE = "";
				PROVISIONING_PROFILE_SPECIFIER = "";
				WRAPPER_EXTENSION = app;
			};
			name = Release;
		};
/* End XCBuildConfiguration section */

/* Begin XCConfigurationList section */
		B9848B36177B996600E21D96 /* Build configuration list for PBXProject "Bit Fiddle" */ = {
			isa = XCConfigurationList;
			buildConfigurations = (
				B9848B37177B996600E21D96 /* Debug */,
				B9432DC717E61D440075F638 /* Optimize */,
				B9848B38177B996600E21D96 /* Release */,
			);
			defaultConfigurationIsVisible = 0;
			defaultConfigurationName = Release;
		};
		B9848B58177B99B400E21D96 /* Build configuration list for PBXNativeTarget "Bit Fiddle" */ = {
			isa = XCConfigurationList;
			buildConfigurations = (
				B9848B59177B99B400E21D96 /* Debug */,
				B9432DC817E61D440075F638 /* Optimize */,
				B9848B5A177B99B400E21D96 /* Release */,
			);
			defaultConfigurationIsVisible = 0;
			defaultConfigurationName = Release;
		};
/* End XCConfigurationList section */
	};
	rootObject = B9848B33177B996600E21D96 /* Project object */;
}
