// !$*UTF8*$!
{
	archiveVersion = 1;
	classes = {
	};
	objectVersion = 46;
	objects = {

/* Begin PBXBuildFile section */
		900B78481BD6BF9200796AAB /* WebKit.framework in Frameworks */ = {isa = PBXBuildFile; fileRef = 900B78471BD6BF9200796AAB /* WebKit.framework */; };
		90BAF66F21759A85001665BF /* ComplementWindowController.m in Sources */ = {isa = PBXBuildFile; fileRef = 90BAF66121759A85001665BF /* ComplementWindowController.m */; };
		90BAF67021759A85001665BF /* ASCIIWindowController.m in Sources */ = {isa = PBXBuildFile; fileRef = 90BAF66221759A85001665BF /* ASCIIWindowController.m */; };
		90BAF67121759A85001665BF /* BitFiddleApplication.m in Sources */ = {isa = PBXBuildFile; fileRef = 90BAF66321759A85001665BF /* BitFiddleApplication.m */; };
		90BAF67221759A85001665BF /* BitArray.c in Sources */ = {isa = PBXBuildFile; fileRef = 90BAF66621759A85001665BF /* BitArray.c */; };
		90BAF67321759A85001665BF /* main.m in Sources */ = {isa = PBXBuildFile; fileRef = 90BAF66721759A85001665BF /* main.m */; };
		90BAF67421759A85001665BF /* BitFiddlePreferencesController.m in Sources */ = {isa = PBXBuildFile; fileRef = 90BAF66B21759A85001665BF /* BitFiddlePreferencesController.m */; };
		90BAF67521759A85001665BF /* BitFiddleWindow.m in Sources */ = {isa = PBXBuildFile; fileRef = 90BAF66C21759A85001665BF /* BitFiddleWindow.m */; };
		90BAF67621759A85001665BF /* NumberOutputField.m in Sources */ = {isa = PBXBuildFile; fileRef = 90BAF66E21759A85001665BF /* NumberOutputField.m */; };
		90BAF6B621759AA3001665BF /* MandApplication.strings in Resources */ = {isa = PBXBuildFile; fileRef = 90BAF6A121759AA3001665BF /* MandApplication.strings */; };
		90BAF6B721759AA3001665BF /* MandAboutWindow.xib in Resources */ = {isa = PBXBuildFile; fileRef = 90BAF6A421759AA3001665BF /* MandAboutWindow.xib */; };
		90BAF6B821759AA3001665BF /* manderc.png in Resources */ = {isa = PBXBuildFile; fileRef = 90BAF6A521759AA3001665BF /* manderc.png */; };
		90BAF6B921759AA3001665BF /* .gitignore in Resources */ = {isa = PBXBuildFile; fileRef = 90BAF6A621759AA3001665BF /* .gitignore */; };
		90BAF6BA21759AA3001665BF /* MandCocoaHelper.m in Sources */ = {isa = PBXBuildFile; fileRef = 90BAF6AE21759AA3001665BF /* MandCocoaHelper.m */; };
		90BAF6BB21759AA3001665BF /* MandAboutWindowController.m in Sources */ = {isa = PBXBuildFile; fileRef = 90BAF6AF21759AA3001665BF /* MandAboutWindowController.m */; };
		90BAF6BC21759AA3001665BF /* MandHelpWindowController.m in Sources */ = {isa = PBXBuildFile; fileRef = 90BAF6B021759AA3001665BF /* MandHelpWindowController.m */; };
		90BAF6BD21759AA3001665BF /* MandTranslation.c in Sources */ = {isa = PBXBuildFile; fileRef = 90BAF6B121759AA3001665BF /* MandTranslation.c */; };
		90BAF6BE21759AA3001665BF /* MandEnvironment.m in Sources */ = {isa = PBXBuildFile; fileRef = 90BAF6B221759AA3001665BF /* MandEnvironment.m */; };
		90BAF6BF21759AA3001665BF /* MandMenuHelper.m in Sources */ = {isa = PBXBuildFile; fileRef = 90BAF6B321759AA3001665BF /* MandMenuHelper.m */; };
		90BAF6C021759AA3001665BF /* MandApplication.m in Sources */ = {isa = PBXBuildFile; fileRef = 90BAF6B521759AA3001665BF /* MandApplication.m */; };
		90BAF71E21759AB1001665BF /* NATree.c in Sources */ = {isa = PBXBuildFile; fileRef = 90BAF6D421759AB1001665BF /* NATree.c */; };
		90BAF71F21759AB1001665BF /* NACocoaHelper.m in Sources */ = {isa = PBXBuildFile; fileRef = 90BAF6D621759AB1001665BF /* NACocoaHelper.m */; };
		90BAF72021759AB1001665BF /* NAQuadTree.c in Sources */ = {isa = PBXBuildFile; fileRef = 90BAF6DB21759AB1001665BF /* NAQuadTree.c */; };
		90BAF72121759AB1001665BF /* NABuffer.c in Sources */ = {isa = PBXBuildFile; fileRef = 90BAF6DE21759AB1001665BF /* NABuffer.c */; };
		90BAF72221759AB1001665BF /* NAString.c in Sources */ = {isa = PBXBuildFile; fileRef = 90BAF6DF21759AB1001665BF /* NAString.c */; };
		90BAF72321759AB1001665BF /* NAList.c in Sources */ = {isa = PBXBuildFile; fileRef = 90BAF6E021759AB1001665BF /* NAList.c */; };
		90BAF72421759AB1001665BF /* NAOctTree.c in Sources */ = {isa = PBXBuildFile; fileRef = 90BAF6E221759AB1001665BF /* NAOctTree.c */; };
		90BAF72521759AB1001665BF /* NAHeap.c in Sources */ = {isa = PBXBuildFile; fileRef = 90BAF6E321759AB1001665BF /* NAHeap.c */; };
		90BAF72621759AB1001665BF /* NADebug.c in Sources */ = {isa = PBXBuildFile; fileRef = 90BAF6E621759AB1001665BF /* NADebug.c */; };
		90BAF72721759AB1001665BF /* NAPNG.c in Sources */ = {isa = PBXBuildFile; fileRef = 90BAF6F621759AB1001665BF /* NAPNG.c */; };
		90BAF72821759AB1001665BF /* NAUI.c in Sources */ = {isa = PBXBuildFile; fileRef = 90BAF6F721759AB1001665BF /* NAUI.c */; };
		90BAF72921759AB1001665BF /* NAUIWINAPI.c in Sources */ = {isa = PBXBuildFile; fileRef = 90BAF6F821759AB1001665BF /* NAUIWINAPI.c */; };
		90BAF72A21759AB1001665BF /* NAUICocoa.m in Sources */ = {isa = PBXBuildFile; fileRef = 90BAF6F921759AB1001665BF /* NAUICocoa.m */; };
		90BAF72B21759AB1001665BF /* NAUICoreAPI.c in Sources */ = {isa = PBXBuildFile; fileRef = 90BAF6FA21759AB1001665BF /* NAUICoreAPI.c */; };
		90BAF72C21759AB1001665BF /* NADeflate.c in Sources */ = {isa = PBXBuildFile; fileRef = 90BAF6FC21759AB1001665BF /* NADeflate.c */; };
		90BAF72D21759AB1001665BF /* NAFile.c in Sources */ = {isa = PBXBuildFile; fileRef = 90BAF70721759AB1001665BF /* NAFile.c */; };
		90BAF72E21759AB1001665BF /* NABinaryData.c in Sources */ = {isa = PBXBuildFile; fileRef = 90BAF70821759AB1001665BF /* NABinaryData.c */; };
		90BAF72F21759AB1001665BF /* NADateTime.c in Sources */ = {isa = PBXBuildFile; fileRef = 90BAF70921759AB1001665BF /* NADateTime.c */; };
		90BAF73021759AB1001665BF /* NAMemory.c in Sources */ = {isa = PBXBuildFile; fileRef = 90BAF71021759AB1001665BF /* NAMemory.c */; };
		90BAF73121759AB1001665BF /* NAMoney.c in Sources */ = {isa = PBXBuildFile; fileRef = 90BAF71521759AB1001665BF /* NAMoney.c */; };
		90BAF74B21759CC6001665BF /* Localizable.strings in Resources */ = {isa = PBXBuildFile; fileRef = 90BAF73321759CC6001665BF /* Localizable.strings */; };
		90BAF74C21759CC6001665BF /* InfoPlist.strings in Resources */ = {isa = PBXBuildFile; fileRef = 90BAF73521759CC6001665BF /* InfoPlist.strings */; };
		90BAF74D21759CC6001665BF /* MainMenu.xib in Resources */ = {isa = PBXBuildFile; fileRef = 90BAF73721759CC6001665BF /* MainMenu.xib */; };
		90BAF74E21759CC6001665BF /* index.html in Resources */ = {isa = PBXBuildFile; fileRef = 90BAF73A21759CC6001665BF /* index.html */; };
		90BAF74F21759CC6001665BF /* css.css in Resources */ = {isa = PBXBuildFile; fileRef = 90BAF73B21759CC6001665BF /* css.css */; };
		90BAF75021759CC6001665BF /* ExpertWindow.xib in Resources */ = {isa = PBXBuildFile; fileRef = 90BAF73C21759CC6001665BF /* ExpertWindow.xib */; };
		90BAF75121759CC6001665BF /* index.html in Resources */ = {isa = PBXBuildFile; fileRef = 90BAF74121759CC6001665BF /* index.html */; };
		90BAF75221759CC6001665BF /* css.css in Resources */ = {isa = PBXBuildFile; fileRef = 90BAF74221759CC6001665BF /* css.css */; };
		90BAF75321759CC6001665BF /* ComplementWindow.xib in Resources */ = {isa = PBXBuildFile; fileRef = 90BAF74321759CC6001665BF /* ComplementWindow.xib */; };
		90BAF75521759CC6001665BF /* BitFiddleChangelog.txt in Resources */ = {isa = PBXBuildFile; fileRef = 90BAF74521759CC6001665BF /* BitFiddleChangelog.txt */; };
		90BAF75621759CC6001665BF /* Preferences.xib in Resources */ = {isa = PBXBuildFile; fileRef = 90BAF74621759CC6001665BF /* Preferences.xib */; };
		90BAF75821759CC6001665BF /* BitFiddle.icns in Resources */ = {isa = PBXBuildFile; fileRef = 90BAF74821759CC6001665BF /* BitFiddle.icns */; };
		B9848B41177B99B400E21D96 /* Cocoa.framework in Frameworks */ = {isa = PBXBuildFile; fileRef = B9848B40177B99B400E21D96 /* Cocoa.framework */; };
/* End PBXBuildFile section */

/* Begin PBXFileReference section */
		900B78471BD6BF9200796AAB /* WebKit.framework */ = {isa = PBXFileReference; lastKnownFileType = wrapper.framework; name = WebKit.framework; path = System/Library/Frameworks/WebKit.framework; sourceTree = SDKROOT; };
		90BAF65F21759A85001665BF /* BitArray.h */ = {isa = PBXFileReference; fileEncoding = 4; lastKnownFileType = sourcecode.c.h; path = BitArray.h; sourceTree = "<group>"; };
		90BAF66021759A85001665BF /* BitFiddlePreferencesController.h */ = {isa = PBXFileReference; fileEncoding = 4; lastKnownFileType = sourcecode.c.h; path = BitFiddlePreferencesController.h; sourceTree = "<group>"; };
		90BAF66121759A85001665BF /* ComplementWindowController.m */ = {isa = PBXFileReference; fileEncoding = 4; lastKnownFileType = sourcecode.c.objc; path = ComplementWindowController.m; sourceTree = "<group>"; };
		90BAF66221759A85001665BF /* ASCIIWindowController.m */ = {isa = PBXFileReference; fileEncoding = 4; lastKnownFileType = sourcecode.c.objc; path = ASCIIWindowController.m; sourceTree = "<group>"; };
		90BAF66321759A85001665BF /* BitFiddleApplication.m */ = {isa = PBXFileReference; fileEncoding = 4; lastKnownFileType = sourcecode.c.objc; path = BitFiddleApplication.m; sourceTree = "<group>"; };
		90BAF66421759A85001665BF /* BitFiddleWindow.h */ = {isa = PBXFileReference; fileEncoding = 4; lastKnownFileType = sourcecode.c.h; path = BitFiddleWindow.h; sourceTree = "<group>"; };
		90BAF66521759A85001665BF /* NumberOutputField.h */ = {isa = PBXFileReference; fileEncoding = 4; lastKnownFileType = sourcecode.c.h; path = NumberOutputField.h; sourceTree = "<group>"; };
		90BAF66621759A85001665BF /* BitArray.c */ = {isa = PBXFileReference; fileEncoding = 4; lastKnownFileType = sourcecode.c.c; path = BitArray.c; sourceTree = "<group>"; };
		90BAF66721759A85001665BF /* main.m */ = {isa = PBXFileReference; fileEncoding = 4; lastKnownFileType = sourcecode.c.objc; path = main.m; sourceTree = "<group>"; };
		90BAF66821759A85001665BF /* BitFiddleApplication.h */ = {isa = PBXFileReference; fileEncoding = 4; lastKnownFileType = sourcecode.c.h; path = BitFiddleApplication.h; sourceTree = "<group>"; };
		90BAF66921759A85001665BF /* ASCIIWindowController.h */ = {isa = PBXFileReference; fileEncoding = 4; lastKnownFileType = sourcecode.c.h; path = ASCIIWindowController.h; sourceTree = "<group>"; };
		90BAF66A21759A85001665BF /* ComplementWindowController.h */ = {isa = PBXFileReference; fileEncoding = 4; lastKnownFileType = sourcecode.c.h; path = ComplementWindowController.h; sourceTree = "<group>"; };
		90BAF66B21759A85001665BF /* BitFiddlePreferencesController.m */ = {isa = PBXFileReference; fileEncoding = 4; lastKnownFileType = sourcecode.c.objc; path = BitFiddlePreferencesController.m; sourceTree = "<group>"; };
		90BAF66C21759A85001665BF /* BitFiddleWindow.m */ = {isa = PBXFileReference; fileEncoding = 4; lastKnownFileType = sourcecode.c.objc; path = BitFiddleWindow.m; sourceTree = "<group>"; };
		90BAF66D21759A85001665BF /* MandConfiguration.h */ = {isa = PBXFileReference; fileEncoding = 4; lastKnownFileType = sourcecode.c.h; path = MandConfiguration.h; sourceTree = "<group>"; };
		90BAF66E21759A85001665BF /* NumberOutputField.m */ = {isa = PBXFileReference; fileEncoding = 4; lastKnownFileType = sourcecode.c.objc; path = NumberOutputField.m; sourceTree = "<group>"; };
		90BAF6A221759AA3001665BF /* de */ = {isa = PBXFileReference; lastKnownFileType = text.plist.strings; name = de; path = de.lproj/MandApplication.strings; sourceTree = "<group>"; };
		90BAF6A321759AA3001665BF /* en */ = {isa = PBXFileReference; lastKnownFileType = text.plist.strings; name = en; path = en.lproj/MandApplication.strings; sourceTree = "<group>"; };
		90BAF6A421759AA3001665BF /* MandAboutWindow.xib */ = {isa = PBXFileReference; fileEncoding = 4; lastKnownFileType = file.xib; path = MandAboutWindow.xib; sourceTree = "<group>"; };
		90BAF6A521759AA3001665BF /* manderc.png */ = {isa = PBXFileReference; lastKnownFileType = image.png; path = manderc.png; sourceTree = "<group>"; };
		90BAF6A621759AA3001665BF /* .gitignore */ = {isa = PBXFileReference; fileEncoding = 4; lastKnownFileType = text; path = .gitignore; sourceTree = "<group>"; };
		90BAF6A821759AA3001665BF /* MandAboutWindowController.h */ = {isa = PBXFileReference; fileEncoding = 4; lastKnownFileType = sourcecode.c.h; path = MandAboutWindowController.h; sourceTree = "<group>"; };
		90BAF6A921759AA3001665BF /* MandHelpWindowController.h */ = {isa = PBXFileReference; fileEncoding = 4; lastKnownFileType = sourcecode.c.h; path = MandHelpWindowController.h; sourceTree = "<group>"; };
		90BAF6AA21759AA3001665BF /* MandMenuHelper.h */ = {isa = PBXFileReference; fileEncoding = 4; lastKnownFileType = sourcecode.c.h; path = MandMenuHelper.h; sourceTree = "<group>"; };
		90BAF6AB21759AA3001665BF /* MandEnvironment.h */ = {isa = PBXFileReference; fileEncoding = 4; lastKnownFileType = sourcecode.c.h; path = MandEnvironment.h; sourceTree = "<group>"; };
		90BAF6AC21759AA3001665BF /* MandTranslation.h */ = {isa = PBXFileReference; fileEncoding = 4; lastKnownFileType = sourcecode.c.h; path = MandTranslation.h; sourceTree = "<group>"; };
		90BAF6AD21759AA3001665BF /* MandApplication.h */ = {isa = PBXFileReference; fileEncoding = 4; lastKnownFileType = sourcecode.c.h; path = MandApplication.h; sourceTree = "<group>"; };
		90BAF6AE21759AA3001665BF /* MandCocoaHelper.m */ = {isa = PBXFileReference; fileEncoding = 4; lastKnownFileType = sourcecode.c.objc; path = MandCocoaHelper.m; sourceTree = "<group>"; };
		90BAF6AF21759AA3001665BF /* MandAboutWindowController.m */ = {isa = PBXFileReference; fileEncoding = 4; lastKnownFileType = sourcecode.c.objc; path = MandAboutWindowController.m; sourceTree = "<group>"; };
		90BAF6B021759AA3001665BF /* MandHelpWindowController.m */ = {isa = PBXFileReference; fileEncoding = 4; lastKnownFileType = sourcecode.c.objc; path = MandHelpWindowController.m; sourceTree = "<group>"; };
		90BAF6B121759AA3001665BF /* MandTranslation.c */ = {isa = PBXFileReference; fileEncoding = 4; lastKnownFileType = sourcecode.c.c; path = MandTranslation.c; sourceTree = "<group>"; };
		90BAF6B221759AA3001665BF /* MandEnvironment.m */ = {isa = PBXFileReference; fileEncoding = 4; lastKnownFileType = sourcecode.c.objc; path = MandEnvironment.m; sourceTree = "<group>"; };
		90BAF6B321759AA3001665BF /* MandMenuHelper.m */ = {isa = PBXFileReference; fileEncoding = 4; lastKnownFileType = sourcecode.c.objc; path = MandMenuHelper.m; sourceTree = "<group>"; };
		90BAF6B421759AA3001665BF /* MandCocoaHelper.h */ = {isa = PBXFileReference; fileEncoding = 4; lastKnownFileType = sourcecode.c.h; path = MandCocoaHelper.h; sourceTree = "<group>"; };
		90BAF6B521759AA3001665BF /* MandApplication.m */ = {isa = PBXFileReference; fileEncoding = 4; lastKnownFileType = sourcecode.c.objc; path = MandApplication.m; sourceTree = "<group>"; };
		90BAF6C221759AB1001665BF /* NAMathConstants.h */ = {isa = PBXFileReference; fileEncoding = 4; lastKnownFileType = sourcecode.c.h; path = NAMathConstants.h; sourceTree = "<group>"; };
		90BAF6C321759AB1001665BF /* NAMemory.h */ = {isa = PBXFileReference; fileEncoding = 4; lastKnownFileType = sourcecode.c.h; path = NAMemory.h; sourceTree = "<group>"; };
		90BAF6C421759AB1001665BF /* NAQuadTree.h */ = {isa = PBXFileReference; fileEncoding = 4; lastKnownFileType = sourcecode.c.h; path = NAQuadTree.h; sourceTree = "<group>"; };
		90BAF6C521759AB1001665BF /* NAComplex.h */ = {isa = PBXFileReference; fileEncoding = 4; lastKnownFileType = sourcecode.c.h; path = NAComplex.h; sourceTree = "<group>"; };
		90BAF6C621759AB1001665BF /* NAConfiguration.h */ = {isa = PBXFileReference; fileEncoding = 4; lastKnownFileType = sourcecode.c.h; path = NAConfiguration.h; sourceTree = "<group>"; };
		90BAF6C721759AB1001665BF /* NABase.h */ = {isa = PBXFileReference; fileEncoding = 4; lastKnownFileType = sourcecode.c.h; path = NABase.h; sourceTree = "<group>"; };
		90BAF6C821759AB1001665BF /* NABuffer.h */ = {isa = PBXFileReference; fileEncoding = 4; lastKnownFileType = sourcecode.c.h; path = NABuffer.h; sourceTree = "<group>"; };
		90BAF6C921759AB1001665BF /* NAArray.h */ = {isa = PBXFileReference; fileEncoding = 4; lastKnownFileType = sourcecode.c.h; path = NAArray.h; sourceTree = "<group>"; };
		90BAF6CA21759AB1001665BF /* NAThreading.h */ = {isa = PBXFileReference; fileEncoding = 4; lastKnownFileType = sourcecode.c.h; path = NAThreading.h; sourceTree = "<group>"; };
		90BAF6CB21759AB1001665BF /* NAStack.h */ = {isa = PBXFileReference; fileEncoding = 4; lastKnownFileType = sourcecode.c.h; path = NAStack.h; sourceTree = "<group>"; };
		90BAF6CC21759AB1001665BF /* NAOctTree.h */ = {isa = PBXFileReference; fileEncoding = 4; lastKnownFileType = sourcecode.c.h; path = NAOctTree.h; sourceTree = "<group>"; };
		90BAF6CD21759AB1001665BF /* NADeflate.h */ = {isa = PBXFileReference; fileEncoding = 4; lastKnownFileType = sourcecode.c.h; path = NADeflate.h; sourceTree = "<group>"; };
		90BAF6CE21759AB1001665BF /* NAList.h */ = {isa = PBXFileReference; fileEncoding = 4; lastKnownFileType = sourcecode.c.h; path = NAList.h; sourceTree = "<group>"; };
		90BAF6CF21759AB1001665BF /* NAString.h */ = {isa = PBXFileReference; fileEncoding = 4; lastKnownFileType = sourcecode.c.h; path = NAString.h; sourceTree = "<group>"; };
		90BAF6D021759AB1001665BF /* NARandom.h */ = {isa = PBXFileReference; fileEncoding = 4; lastKnownFileType = sourcecode.c.h; path = NARandom.h; sourceTree = "<group>"; };
		90BAF6D221759AB1001665BF /* NABufferII.h */ = {isa = PBXFileReference; fileEncoding = 4; lastKnownFileType = sourcecode.c.h; path = NABufferII.h; sourceTree = "<group>"; };
		90BAF6D321759AB1001665BF /* NAStringII.h */ = {isa = PBXFileReference; fileEncoding = 4; lastKnownFileType = sourcecode.c.h; path = NAStringII.h; sourceTree = "<group>"; };
		90BAF6D421759AB1001665BF /* NATree.c */ = {isa = PBXFileReference; fileEncoding = 4; lastKnownFileType = sourcecode.c.c; path = NATree.c; sourceTree = "<group>"; };
		90BAF6D521759AB1001665BF /* NAStackII.h */ = {isa = PBXFileReference; fileEncoding = 4; lastKnownFileType = sourcecode.c.h; path = NAStackII.h; sourceTree = "<group>"; };
		90BAF6D621759AB1001665BF /* NACocoaHelper.m */ = {isa = PBXFileReference; fileEncoding = 4; lastKnownFileType = sourcecode.c.objc; path = NACocoaHelper.m; sourceTree = "<group>"; };
		90BAF6D721759AB1001665BF /* NAOctTreeII.h */ = {isa = PBXFileReference; fileEncoding = 4; lastKnownFileType = sourcecode.c.h; path = NAOctTreeII.h; sourceTree = "<group>"; };
		90BAF6D821759AB1001665BF /* NAQuadTreeII.h */ = {isa = PBXFileReference; fileEncoding = 4; lastKnownFileType = sourcecode.c.h; path = NAQuadTreeII.h; sourceTree = "<group>"; };
		90BAF6D921759AB1001665BF /* NACircularBufferII.h */ = {isa = PBXFileReference; fileEncoding = 4; lastKnownFileType = sourcecode.c.h; path = NACircularBufferII.h; sourceTree = "<group>"; };
		90BAF6DA21759AB1001665BF /* NAHeapII.h */ = {isa = PBXFileReference; fileEncoding = 4; lastKnownFileType = sourcecode.c.h; path = NAHeapII.h; sourceTree = "<group>"; };
		90BAF6DB21759AB1001665BF /* NAQuadTree.c */ = {isa = PBXFileReference; fileEncoding = 4; lastKnownFileType = sourcecode.c.c; path = NAQuadTree.c; sourceTree = "<group>"; };
		90BAF6DC21759AB1001665BF /* NAPoolII.h */ = {isa = PBXFileReference; fileEncoding = 4; lastKnownFileType = sourcecode.c.h; path = NAPoolII.h; sourceTree = "<group>"; };
		90BAF6DD21759AB1001665BF /* NAListII.h */ = {isa = PBXFileReference; fileEncoding = 4; lastKnownFileType = sourcecode.c.h; path = NAListII.h; sourceTree = "<group>"; };
		90BAF6DE21759AB1001665BF /* NABuffer.c */ = {isa = PBXFileReference; fileEncoding = 4; lastKnownFileType = sourcecode.c.c; path = NABuffer.c; sourceTree = "<group>"; };
		90BAF6DF21759AB1001665BF /* NAString.c */ = {isa = PBXFileReference; fileEncoding = 4; lastKnownFileType = sourcecode.c.c; path = NAString.c; sourceTree = "<group>"; };
		90BAF6E021759AB1001665BF /* NAList.c */ = {isa = PBXFileReference; fileEncoding = 4; lastKnownFileType = sourcecode.c.c; path = NAList.c; sourceTree = "<group>"; };
		90BAF6E121759AB1001665BF /* NAArrayII.h */ = {isa = PBXFileReference; fileEncoding = 4; lastKnownFileType = sourcecode.c.h; path = NAArrayII.h; sourceTree = "<group>"; };
		90BAF6E221759AB1001665BF /* NAOctTree.c */ = {isa = PBXFileReference; fileEncoding = 4; lastKnownFileType = sourcecode.c.c; path = NAOctTree.c; sourceTree = "<group>"; };
		90BAF6E321759AB1001665BF /* NAHeap.c */ = {isa = PBXFileReference; fileEncoding = 4; lastKnownFileType = sourcecode.c.c; path = NAHeap.c; sourceTree = "<group>"; };
		90BAF6E521759AB1001665BF /* NAInteger.h */ = {isa = PBXFileReference; fileEncoding = 4; lastKnownFileType = sourcecode.c.h; path = NAInteger.h; sourceTree = "<group>"; };
		90BAF6E621759AB1001665BF /* NADebug.c */ = {isa = PBXFileReference; fileEncoding = 4; lastKnownFileType = sourcecode.c.c; path = NADebug.c; sourceTree = "<group>"; };
		90BAF6E721759AB1001665BF /* NANumerics.h */ = {isa = PBXFileReference; fileEncoding = 4; lastKnownFileType = sourcecode.c.h; path = NANumerics.h; sourceTree = "<group>"; };
		90BAF6E821759AB1001665BF /* NAFloatingPoint.h */ = {isa = PBXFileReference; fileEncoding = 4; lastKnownFileType = sourcecode.c.h; path = NAFloatingPoint.h; sourceTree = "<group>"; };
		90BAF6E921759AB1001665BF /* NAInt64II.h */ = {isa = PBXFileReference; fileEncoding = 4; lastKnownFileType = sourcecode.c.h; path = NAInt64II.h; sourceTree = "<group>"; };
		90BAF6EA21759AB1001665BF /* NAChar.h */ = {isa = PBXFileReference; fileEncoding = 4; lastKnownFileType = sourcecode.c.h; path = NAChar.h; sourceTree = "<group>"; };
		90BAF6EB21759AB1001665BF /* NAEnvironment.h */ = {isa = PBXFileReference; fileEncoding = 4; lastKnownFileType = sourcecode.c.h; path = NAEnvironment.h; sourceTree = "<group>"; };
		90BAF6EC21759AB1001665BF /* NADebug.h */ = {isa = PBXFileReference; fileEncoding = 4; lastKnownFileType = sourcecode.c.h; path = NADebug.h; sourceTree = "<group>"; };
		90BAF6ED21759AB1001665BF /* NALanguage.h */ = {isa = PBXFileReference; fileEncoding = 4; lastKnownFileType = sourcecode.c.h; path = NALanguage.h; sourceTree = "<group>"; };
		90BAF6EE21759AB1001665BF /* NAInt64.h */ = {isa = PBXFileReference; fileEncoding = 4; lastKnownFileType = sourcecode.c.h; path = NAInt64.h; sourceTree = "<group>"; };
		90BAF6EF21759AB1001665BF /* NANumericsII.h */ = {isa = PBXFileReference; fileEncoding = 4; lastKnownFileType = sourcecode.c.h; path = NANumericsII.h; sourceTree = "<group>"; };
		90BAF6F021759AB1001665BF /* NAFloatingPointII.h */ = {isa = PBXFileReference; fileEncoding = 4; lastKnownFileType = sourcecode.c.h; path = NAFloatingPointII.h; sourceTree = "<group>"; };
		90BAF6F121759AB1001665BF /* NACompiler.h */ = {isa = PBXFileReference; fileEncoding = 4; lastKnownFileType = sourcecode.c.h; path = NACompiler.h; sourceTree = "<group>"; };
		90BAF6F221759AB1001665BF /* NAURL.h */ = {isa = PBXFileReference; fileEncoding = 4; lastKnownFileType = sourcecode.c.h; path = NAURL.h; sourceTree = "<group>"; };
		90BAF6F321759AB1001665BF /* NAHeap.h */ = {isa = PBXFileReference; fileEncoding = 4; lastKnownFileType = sourcecode.c.h; path = NAHeap.h; sourceTree = "<group>"; };
		90BAF6F521759AB1001665BF /* NAUICoreAPI.h */ = {isa = PBXFileReference; fileEncoding = 4; lastKnownFileType = sourcecode.c.h; path = NAUICoreAPI.h; sourceTree = "<group>"; };
		90BAF6F621759AB1001665BF /* NAPNG.c */ = {isa = PBXFileReference; fileEncoding = 4; lastKnownFileType = sourcecode.c.c; path = NAPNG.c; sourceTree = "<group>"; };
		90BAF6F721759AB1001665BF /* NAUI.c */ = {isa = PBXFileReference; fileEncoding = 4; lastKnownFileType = sourcecode.c.c; path = NAUI.c; sourceTree = "<group>"; };
		90BAF6F821759AB1001665BF /* NAUIWINAPI.c */ = {isa = PBXFileReference; fileEncoding = 4; lastKnownFileType = sourcecode.c.c; path = NAUIWINAPI.c; sourceTree = "<group>"; };
		90BAF6F921759AB1001665BF /* NAUICocoa.m */ = {isa = PBXFileReference; fileEncoding = 4; lastKnownFileType = sourcecode.c.objc; path = NAUICocoa.m; sourceTree = "<group>"; };
		90BAF6FA21759AB1001665BF /* NAUICoreAPI.c */ = {isa = PBXFileReference; fileEncoding = 4; lastKnownFileType = sourcecode.c.c; path = NAUICoreAPI.c; sourceTree = "<group>"; };
		90BAF6FB21759AB1001665BF /* NAUIWINAPI.h */ = {isa = PBXFileReference; fileEncoding = 4; lastKnownFileType = sourcecode.c.h; path = NAUIWINAPI.h; sourceTree = "<group>"; };
		90BAF6FC21759AB1001665BF /* NADeflate.c */ = {isa = PBXFileReference; fileEncoding = 4; lastKnownFileType = sourcecode.c.c; path = NADeflate.c; sourceTree = "<group>"; };
		90BAF6FD21759AB1001665BF /* NAUICocoa.h */ = {isa = PBXFileReference; fileEncoding = 4; lastKnownFileType = sourcecode.c.h; path = NAUICocoa.h; sourceTree = "<group>"; };
		90BAF6FE21759AB1001665BF /* NAPNG.h */ = {isa = PBXFileReference; fileEncoding = 4; lastKnownFileType = sourcecode.c.h; path = NAPNG.h; sourceTree = "<group>"; };
		90BAF6FF21759AB1001665BF /* NAFile.h */ = {isa = PBXFileReference; fileEncoding = 4; lastKnownFileType = sourcecode.c.h; path = NAFile.h; sourceTree = "<group>"; };
		90BAF70021759AB1001665BF /* NAMoney.h */ = {isa = PBXFileReference; fileEncoding = 4; lastKnownFileType = sourcecode.c.h; path = NAMoney.h; sourceTree = "<group>"; };
		90BAF70121759AB1001665BF /* NAVectorAlgebra.h */ = {isa = PBXFileReference; fileEncoding = 4; lastKnownFileType = sourcecode.c.h; path = NAVectorAlgebra.h; sourceTree = "<group>"; };
		90BAF70221759AB1001665BF /* NAMathOperators.h */ = {isa = PBXFileReference; fileEncoding = 4; lastKnownFileType = sourcecode.c.h; path = NAMathOperators.h; sourceTree = "<group>"; };
		90BAF70321759AB1001665BF /* NADateTime.h */ = {isa = PBXFileReference; fileEncoding = 4; lastKnownFileType = sourcecode.c.h; path = NADateTime.h; sourceTree = "<group>"; };
		90BAF70421759AB1001665BF /* NABinaryData.h */ = {isa = PBXFileReference; fileEncoding = 4; lastKnownFileType = sourcecode.c.h; path = NABinaryData.h; sourceTree = "<group>"; };
		90BAF70521759AB1001665BF /* NAUI.h */ = {isa = PBXFileReference; fileEncoding = 4; lastKnownFileType = sourcecode.c.h; path = NAUI.h; sourceTree = "<group>"; };
		90BAF70721759AB1001665BF /* NAFile.c */ = {isa = PBXFileReference; fileEncoding = 4; lastKnownFileType = sourcecode.c.c; path = NAFile.c; sourceTree = "<group>"; };
		90BAF70821759AB1001665BF /* NABinaryData.c */ = {isa = PBXFileReference; fileEncoding = 4; lastKnownFileType = sourcecode.c.c; path = NABinaryData.c; sourceTree = "<group>"; };
		90BAF70921759AB1001665BF /* NADateTime.c */ = {isa = PBXFileReference; fileEncoding = 4; lastKnownFileType = sourcecode.c.c; path = NADateTime.c; sourceTree = "<group>"; };
		90BAF70A21759AB1001665BF /* NABinaryDataII.h */ = {isa = PBXFileReference; fileEncoding = 4; lastKnownFileType = sourcecode.c.h; path = NABinaryDataII.h; sourceTree = "<group>"; };
		90BAF70B21759AB1001665BF /* NADateTimeII.h */ = {isa = PBXFileReference; fileEncoding = 4; lastKnownFileType = sourcecode.c.h; path = NADateTimeII.h; sourceTree = "<group>"; };
		90BAF70C21759AB1001665BF /* NAThreadingII.h */ = {isa = PBXFileReference; fileEncoding = 4; lastKnownFileType = sourcecode.c.h; path = NAThreadingII.h; sourceTree = "<group>"; };
		90BAF70D21759AB1001665BF /* NAMemoryII.h */ = {isa = PBXFileReference; fileEncoding = 4; lastKnownFileType = sourcecode.c.h; path = NAMemoryII.h; sourceTree = "<group>"; };
		90BAF70E21759AB1001665BF /* NAURLII.h */ = {isa = PBXFileReference; fileEncoding = 4; lastKnownFileType = sourcecode.c.h; path = NAURLII.h; sourceTree = "<group>"; };
		90BAF70F21759AB1001665BF /* NAFileII.h */ = {isa = PBXFileReference; fileEncoding = 4; lastKnownFileType = sourcecode.c.h; path = NAFileII.h; sourceTree = "<group>"; };
		90BAF71021759AB1001665BF /* NAMemory.c */ = {isa = PBXFileReference; fileEncoding = 4; lastKnownFileType = sourcecode.c.c; path = NAMemory.c; sourceTree = "<group>"; };
		90BAF71121759AB1001665BF /* NAValueHelper.h */ = {isa = PBXFileReference; fileEncoding = 4; lastKnownFileType = sourcecode.c.h; path = NAValueHelper.h; sourceTree = "<group>"; };
		90BAF71221759AB1001665BF /* NATree.h */ = {isa = PBXFileReference; fileEncoding = 4; lastKnownFileType = sourcecode.c.h; path = NATree.h; sourceTree = "<group>"; };
		90BAF71321759AB1001665BF /* NACircularBuffer.h */ = {isa = PBXFileReference; fileEncoding = 4; lastKnownFileType = sourcecode.c.h; path = NACircularBuffer.h; sourceTree = "<group>"; };
		90BAF71521759AB1001665BF /* NAMoney.c */ = {isa = PBXFileReference; fileEncoding = 4; lastKnownFileType = sourcecode.c.c; path = NAMoney.c; sourceTree = "<group>"; };
		90BAF71621759AB1001665BF /* NAMoneyII.h */ = {isa = PBXFileReference; fileEncoding = 4; lastKnownFileType = sourcecode.c.h; path = NAMoneyII.h; sourceTree = "<group>"; };
		90BAF71721759AB1001665BF /* NARandomII.h */ = {isa = PBXFileReference; fileEncoding = 4; lastKnownFileType = sourcecode.c.h; path = NARandomII.h; sourceTree = "<group>"; };
		90BAF71821759AB1001665BF /* NAComplexII.h */ = {isa = PBXFileReference; fileEncoding = 4; lastKnownFileType = sourcecode.c.h; path = NAComplexII.h; sourceTree = "<group>"; };
		90BAF71921759AB1001665BF /* NAVectorAlgebraII.h */ = {isa = PBXFileReference; fileEncoding = 4; lastKnownFileType = sourcecode.c.h; path = NAVectorAlgebraII.h; sourceTree = "<group>"; };
		90BAF71A21759AB1001665BF /* NACoordII.h */ = {isa = PBXFileReference; fileEncoding = 4; lastKnownFileType = sourcecode.c.h; path = NACoordII.h; sourceTree = "<group>"; };
		90BAF71B21759AB1001665BF /* NAMathOperatorsII.h */ = {isa = PBXFileReference; fileEncoding = 4; lastKnownFileType = sourcecode.c.h; path = NAMathOperatorsII.h; sourceTree = "<group>"; };
		90BAF71C21759AB1001665BF /* NACoord.h */ = {isa = PBXFileReference; fileEncoding = 4; lastKnownFileType = sourcecode.c.h; path = NACoord.h; sourceTree = "<group>"; };
		90BAF71D21759AB1001665BF /* NAPool.h */ = {isa = PBXFileReference; fileEncoding = 4; lastKnownFileType = sourcecode.c.h; path = NAPool.h; sourceTree = "<group>"; };
		90BAF73421759CC6001665BF /* de */ = {isa = PBXFileReference; lastKnownFileType = text.plist.strings; name = de; path = de.lproj/Localizable.strings; sourceTree = "<group>"; };
		90BAF73621759CC6001665BF /* de */ = {isa = PBXFileReference; lastKnownFileType = text.plist.strings; name = de; path = de.lproj/InfoPlist.strings; sourceTree = "<group>"; };
		90BAF73821759CC6001665BF /* de */ = {isa = PBXFileReference; lastKnownFileType = file.xib; name = de; path = de.lproj/MainMenu.xib; sourceTree = "<group>"; };
		90BAF73A21759CC6001665BF /* index.html */ = {isa = PBXFileReference; fileEncoding = 4; lastKnownFileType = text.html; path = index.html; sourceTree = "<group>"; };
		90BAF73B21759CC6001665BF /* css.css */ = {isa = PBXFileReference; fileEncoding = 4; lastKnownFileType = text.css; path = css.css; sourceTree = "<group>"; };
		90BAF73C21759CC6001665BF /* ExpertWindow.xib */ = {isa = PBXFileReference; fileEncoding = 4; lastKnownFileType = file.xib; path = ExpertWindow.xib; sourceTree = "<group>"; };
		90BAF73D21759CC6001665BF /* en */ = {isa = PBXFileReference; lastKnownFileType = text.plist.strings; name = en; path = en.lproj/Localizable.strings; sourceTree = "<group>"; };
		90BAF73E21759CC6001665BF /* en */ = {isa = PBXFileReference; lastKnownFileType = text.plist.strings; name = en; path = en.lproj/InfoPlist.strings; sourceTree = "<group>"; };
		90BAF73F21759CC6001665BF /* en */ = {isa = PBXFileReference; lastKnownFileType = file.xib; name = en; path = en.lproj/MainMenu.xib; sourceTree = "<group>"; };
		90BAF74121759CC6001665BF /* index.html */ = {isa = PBXFileReference; fileEncoding = 4; lastKnownFileType = text.html; path = index.html; sourceTree = "<group>"; };
		90BAF74221759CC6001665BF /* css.css */ = {isa = PBXFileReference; fileEncoding = 4; lastKnownFileType = text.css; path = css.css; sourceTree = "<group>"; };
		90BAF74321759CC6001665BF /* ComplementWindow.xib */ = {isa = PBXFileReference; fileEncoding = 4; lastKnownFileType = file.xib; path = ComplementWindow.xib; sourceTree = "<group>"; };
		90BAF74421759CC6001665BF /* bitfiddle.psd */ = {isa = PBXFileReference; lastKnownFileType = file; path = bitfiddle.psd; sourceTree = "<group>"; };
		90BAF74521759CC6001665BF /* BitFiddleChangelog.txt */ = {isa = PBXFileReference; fileEncoding = 4; lastKnownFileType = text; path = BitFiddleChangelog.txt; sourceTree = "<group>"; };
		90BAF74621759CC6001665BF /* Preferences.xib */ = {isa = PBXFileReference; fileEncoding = 4; lastKnownFileType = file.xib; path = Preferences.xib; sourceTree = "<group>"; };
		90BAF74721759CC6001665BF /* BitFiddle.iconset */ = {isa = PBXFileReference; lastKnownFileType = folder.iconset; path = BitFiddle.iconset; sourceTree = "<group>"; };
		90BAF74821759CC6001665BF /* BitFiddle.icns */ = {isa = PBXFileReference; lastKnownFileType = image.icns; path = BitFiddle.icns; sourceTree = "<group>"; };
		90BAF74921759CC6001665BF /* Bit Fiddle.entitlements */ = {isa = PBXFileReference; fileEncoding = 4; lastKnownFileType = text.plist.entitlements; path = "Bit Fiddle.entitlements"; sourceTree = "<group>"; };
		90BAF74A21759CC6001665BF /* Bit Fiddle-Info.plist */ = {isa = PBXFileReference; fileEncoding = 4; lastKnownFileType = text.plist.xml; path = "Bit Fiddle-Info.plist"; sourceTree = "<group>"; };
		B9848B3D177B99B400E21D96 /* Bit Fiddle.app */ = {isa = PBXFileReference; explicitFileType = wrapper.application; includeInIndex = 0; path = "Bit Fiddle.app"; sourceTree = BUILT_PRODUCTS_DIR; };
		B9848B40177B99B400E21D96 /* Cocoa.framework */ = {isa = PBXFileReference; lastKnownFileType = wrapper.framework; name = Cocoa.framework; path = System/Library/Frameworks/Cocoa.framework; sourceTree = SDKROOT; };
/* End PBXFileReference section */

/* Begin PBXFrameworksBuildPhase section */
		B9848B3A177B99B400E21D96 /* Frameworks */ = {
			isa = PBXFrameworksBuildPhase;
			buildActionMask = 2147483647;
			files = (
				900B78481BD6BF9200796AAB /* WebKit.framework in Frameworks */,
				B9848B41177B99B400E21D96 /* Cocoa.framework in Frameworks */,
			);
			runOnlyForDeploymentPostprocessing = 0;
		};
/* End PBXFrameworksBuildPhase section */

/* Begin PBXGroup section */
		90BAF65E21759A85001665BF /* src */ = {
			isa = PBXGroup;
			children = (
				90BAF65F21759A85001665BF /* BitArray.h */,
				90BAF66021759A85001665BF /* BitFiddlePreferencesController.h */,
				90BAF66121759A85001665BF /* ComplementWindowController.m */,
				90BAF66221759A85001665BF /* ASCIIWindowController.m */,
				90BAF66321759A85001665BF /* BitFiddleApplication.m */,
				90BAF66421759A85001665BF /* BitFiddleWindow.h */,
				90BAF66521759A85001665BF /* NumberOutputField.h */,
				90BAF66621759A85001665BF /* BitArray.c */,
				90BAF66721759A85001665BF /* main.m */,
				90BAF66821759A85001665BF /* BitFiddleApplication.h */,
				90BAF66921759A85001665BF /* ASCIIWindowController.h */,
				90BAF66A21759A85001665BF /* ComplementWindowController.h */,
				90BAF66B21759A85001665BF /* BitFiddlePreferencesController.m */,
				90BAF66C21759A85001665BF /* BitFiddleWindow.m */,
				90BAF66D21759A85001665BF /* MandConfiguration.h */,
				90BAF66E21759A85001665BF /* NumberOutputField.m */,
			);
			name = src;
			path = ../../src;
			sourceTree = "<group>";
		};
		90BAF69F21759AA3001665BF /* MandApplication */ = {
			isa = PBXGroup;
			children = (
				90BAF6A021759AA3001665BF /* res */,
				90BAF6A621759AA3001665BF /* .gitignore */,
				90BAF6A721759AA3001665BF /* src */,
			);
			name = MandApplication;
			path = ../../../MandApplication;
			sourceTree = "<group>";
		};
		90BAF6A021759AA3001665BF /* res */ = {
			isa = PBXGroup;
			children = (
				90BAF6A121759AA3001665BF /* MandApplication.strings */,
				90BAF6A421759AA3001665BF /* MandAboutWindow.xib */,
				90BAF6A521759AA3001665BF /* manderc.png */,
			);
			path = res;
			sourceTree = "<group>";
		};
		90BAF6A721759AA3001665BF /* src */ = {
			isa = PBXGroup;
			children = (
				90BAF6A821759AA3001665BF /* MandAboutWindowController.h */,
				90BAF6A921759AA3001665BF /* MandHelpWindowController.h */,
				90BAF6AA21759AA3001665BF /* MandMenuHelper.h */,
				90BAF6AB21759AA3001665BF /* MandEnvironment.h */,
				90BAF6AC21759AA3001665BF /* MandTranslation.h */,
				90BAF6AD21759AA3001665BF /* MandApplication.h */,
				90BAF6AE21759AA3001665BF /* MandCocoaHelper.m */,
				90BAF6AF21759AA3001665BF /* MandAboutWindowController.m */,
				90BAF6B021759AA3001665BF /* MandHelpWindowController.m */,
				90BAF6B121759AA3001665BF /* MandTranslation.c */,
				90BAF6B221759AA3001665BF /* MandEnvironment.m */,
				90BAF6B321759AA3001665BF /* MandMenuHelper.m */,
				90BAF6B421759AA3001665BF /* MandCocoaHelper.h */,
				90BAF6B521759AA3001665BF /* MandApplication.m */,
			);
			path = src;
			sourceTree = "<group>";
		};
		90BAF6C121759AB1001665BF /* NALib */ = {
			isa = PBXGroup;
			children = (
				90BAF6C221759AB1001665BF /* NAMathConstants.h */,
				90BAF6C321759AB1001665BF /* NAMemory.h */,
				90BAF6C421759AB1001665BF /* NAQuadTree.h */,
				90BAF6C521759AB1001665BF /* NAComplex.h */,
				90BAF6C621759AB1001665BF /* NAConfiguration.h */,
				90BAF6C721759AB1001665BF /* NABase.h */,
				90BAF6C821759AB1001665BF /* NABuffer.h */,
				90BAF6C921759AB1001665BF /* NAArray.h */,
				90BAF6CA21759AB1001665BF /* NAThreading.h */,
				90BAF6CB21759AB1001665BF /* NAStack.h */,
				90BAF6CC21759AB1001665BF /* NAOctTree.h */,
				90BAF6CD21759AB1001665BF /* NADeflate.h */,
				90BAF6CE21759AB1001665BF /* NAList.h */,
				90BAF6CF21759AB1001665BF /* NAString.h */,
				90BAF6D021759AB1001665BF /* NARandom.h */,
				90BAF6D121759AB1001665BF /* NAStruct */,
				90BAF6E421759AB1001665BF /* NABase */,
				90BAF6F221759AB1001665BF /* NAURL.h */,
				90BAF6F321759AB1001665BF /* NAHeap.h */,
				90BAF6F421759AB1001665BF /* NAVisual */,
				90BAF6FE21759AB1001665BF /* NAPNG.h */,
				90BAF6FF21759AB1001665BF /* NAFile.h */,
				90BAF70021759AB1001665BF /* NAMoney.h */,
				90BAF70121759AB1001665BF /* NAVectorAlgebra.h */,
				90BAF70221759AB1001665BF /* NAMathOperators.h */,
				90BAF70321759AB1001665BF /* NADateTime.h */,
				90BAF70421759AB1001665BF /* NABinaryData.h */,
				90BAF70521759AB1001665BF /* NAUI.h */,
				90BAF70621759AB1001665BF /* NACore */,
				90BAF71221759AB1001665BF /* NATree.h */,
				90BAF71321759AB1001665BF /* NACircularBuffer.h */,
				90BAF71421759AB1001665BF /* NAMath */,
				90BAF71C21759AB1001665BF /* NACoord.h */,
				90BAF71D21759AB1001665BF /* NAPool.h */,
			);
			name = NALib;
			path = ../../../NALib/src/NALib;
			sourceTree = "<group>";
		};
		90BAF6D121759AB1001665BF /* NAStruct */ = {
			isa = PBXGroup;
			children = (
				90BAF6D221759AB1001665BF /* NABufferII.h */,
				90BAF6D321759AB1001665BF /* NAStringII.h */,
				90BAF6D421759AB1001665BF /* NATree.c */,
				90BAF6D521759AB1001665BF /* NAStackII.h */,
				90BAF6D621759AB1001665BF /* NACocoaHelper.m */,
				90BAF6D721759AB1001665BF /* NAOctTreeII.h */,
				90BAF6D821759AB1001665BF /* NAQuadTreeII.h */,
				90BAF6D921759AB1001665BF /* NACircularBufferII.h */,
				90BAF6DA21759AB1001665BF /* NAHeapII.h */,
				90BAF6DB21759AB1001665BF /* NAQuadTree.c */,
				90BAF6DC21759AB1001665BF /* NAPoolII.h */,
				90BAF6DD21759AB1001665BF /* NAListII.h */,
				90BAF6DE21759AB1001665BF /* NABuffer.c */,
				90BAF6DF21759AB1001665BF /* NAString.c */,
				90BAF6E021759AB1001665BF /* NAList.c */,
				90BAF6E121759AB1001665BF /* NAArrayII.h */,
				90BAF6E221759AB1001665BF /* NAOctTree.c */,
				90BAF6E321759AB1001665BF /* NAHeap.c */,
			);
			path = NAStruct;
			sourceTree = "<group>";
		};
		90BAF6E421759AB1001665BF /* NABase */ = {
			isa = PBXGroup;
			children = (
				90BAF6E521759AB1001665BF /* NAInteger.h */,
				90BAF6E621759AB1001665BF /* NADebug.c */,
				90BAF6E721759AB1001665BF /* NANumerics.h */,
				90BAF6E821759AB1001665BF /* NAFloatingPoint.h */,
				90BAF6E921759AB1001665BF /* NAInt64II.h */,
				90BAF6EA21759AB1001665BF /* NAChar.h */,
				90BAF6EB21759AB1001665BF /* NAEnvironment.h */,
				90BAF6EC21759AB1001665BF /* NADebug.h */,
				90BAF6ED21759AB1001665BF /* NALanguage.h */,
				90BAF6EE21759AB1001665BF /* NAInt64.h */,
				90BAF6EF21759AB1001665BF /* NANumericsII.h */,
				90BAF6F021759AB1001665BF /* NAFloatingPointII.h */,
				90BAF6F121759AB1001665BF /* NACompiler.h */,
			);
			path = NABase;
			sourceTree = "<group>";
		};
		90BAF6F421759AB1001665BF /* NAVisual */ = {
			isa = PBXGroup;
			children = (
				90BAF6F521759AB1001665BF /* NAUICoreAPI.h */,
				90BAF6F621759AB1001665BF /* NAPNG.c */,
				90BAF6F721759AB1001665BF /* NAUI.c */,
				90BAF6F821759AB1001665BF /* NAUIWINAPI.c */,
				90BAF6F921759AB1001665BF /* NAUICocoa.m */,
				90BAF6FA21759AB1001665BF /* NAUICoreAPI.c */,
				90BAF6FB21759AB1001665BF /* NAUIWINAPI.h */,
				90BAF6FC21759AB1001665BF /* NADeflate.c */,
				90BAF6FD21759AB1001665BF /* NAUICocoa.h */,
			);
			path = NAVisual;
			sourceTree = "<group>";
		};
		90BAF70621759AB1001665BF /* NACore */ = {
			isa = PBXGroup;
			children = (
				90BAF70721759AB1001665BF /* NAFile.c */,
				90BAF70821759AB1001665BF /* NABinaryData.c */,
				90BAF70921759AB1001665BF /* NADateTime.c */,
				90BAF70A21759AB1001665BF /* NABinaryDataII.h */,
				90BAF70B21759AB1001665BF /* NADateTimeII.h */,
				90BAF70C21759AB1001665BF /* NAThreadingII.h */,
				90BAF70D21759AB1001665BF /* NAMemoryII.h */,
				90BAF70E21759AB1001665BF /* NAURLII.h */,
				90BAF70F21759AB1001665BF /* NAFileII.h */,
				90BAF71021759AB1001665BF /* NAMemory.c */,
				90BAF71121759AB1001665BF /* NAValueHelper.h */,
			);
			path = NACore;
			sourceTree = "<group>";
		};
		90BAF71421759AB1001665BF /* NAMath */ = {
			isa = PBXGroup;
			children = (
				90BAF71521759AB1001665BF /* NAMoney.c */,
				90BAF71621759AB1001665BF /* NAMoneyII.h */,
				90BAF71721759AB1001665BF /* NARandomII.h */,
				90BAF71821759AB1001665BF /* NAComplexII.h */,
				90BAF71921759AB1001665BF /* NAVectorAlgebraII.h */,
				90BAF71A21759AB1001665BF /* NACoordII.h */,
				90BAF71B21759AB1001665BF /* NAMathOperatorsII.h */,
			);
			path = NAMath;
			sourceTree = "<group>";
		};
		90BAF73221759CC6001665BF /* res */ = {
			isa = PBXGroup;
			children = (
				90BAF73321759CC6001665BF /* Localizable.strings */,
				90BAF73521759CC6001665BF /* InfoPlist.strings */,
				90BAF73721759CC6001665BF /* MainMenu.xib */,
				90BAF73921759CC6001665BF /* help */,
				90BAF73C21759CC6001665BF /* ExpertWindow.xib */,
				90BAF74021759CC6001665BF /* help */,
				90BAF74321759CC6001665BF /* ComplementWindow.xib */,
				90BAF74421759CC6001665BF /* bitfiddle.psd */,
				90BAF74521759CC6001665BF /* BitFiddleChangelog.txt */,
				90BAF74621759CC6001665BF /* Preferences.xib */,
				90BAF74721759CC6001665BF /* BitFiddle.iconset */,
				90BAF74821759CC6001665BF /* BitFiddle.icns */,
				90BAF74921759CC6001665BF /* Bit Fiddle.entitlements */,
				90BAF74A21759CC6001665BF /* Bit Fiddle-Info.plist */,
			);
			name = res;
			path = ../../res;
			sourceTree = "<group>";
		};
		90BAF73921759CC6001665BF /* help */ = {
			isa = PBXGroup;
			children = (
				90BAF73A21759CC6001665BF /* index.html */,
				90BAF73B21759CC6001665BF /* css.css */,
			);
			name = help;
			path = de.lproj/help;
			sourceTree = "<group>";
		};
		90BAF74021759CC6001665BF /* help */ = {
			isa = PBXGroup;
			children = (
				90BAF74121759CC6001665BF /* index.html */,
				90BAF74221759CC6001665BF /* css.css */,
			);
			name = help;
			path = en.lproj/help;
			sourceTree = "<group>";
		};
		B9848B32177B996600E21D96 = {
			isa = PBXGroup;
			children = (
				90BAF69F21759AA3001665BF /* MandApplication */,
				90BAF6C121759AB1001665BF /* NALib */,
				90BAF73221759CC6001665BF /* res */,
				90BAF65E21759A85001665BF /* src */,
				B9848B3F177B99B400E21D96 /* Frameworks */,
				B9848B3E177B99B400E21D96 /* Products */,
			);
			sourceTree = "<group>";
		};
		B9848B3E177B99B400E21D96 /* Products */ = {
			isa = PBXGroup;
			children = (
				B9848B3D177B99B400E21D96 /* Bit Fiddle.app */,
			);
			name = Products;
			sourceTree = "<group>";
		};
		B9848B3F177B99B400E21D96 /* Frameworks */ = {
			isa = PBXGroup;
			children = (
				900B78471BD6BF9200796AAB /* WebKit.framework */,
				B9848B40177B99B400E21D96 /* Cocoa.framework */,
			);
			name = Frameworks;
			sourceTree = "<group>";
		};
/* End PBXGroup section */

/* Begin PBXNativeTarget section */
		B9848B3C177B99B400E21D96 /* Bit Fiddle */ = {
			isa = PBXNativeTarget;
			buildConfigurationList = B9848B58177B99B400E21D96 /* Build configuration list for PBXNativeTarget "Bit Fiddle" */;
			buildPhases = (
				B9848B39177B99B400E21D96 /* Sources */,
				B9848B3A177B99B400E21D96 /* Frameworks */,
				B9848B3B177B99B400E21D96 /* Resources */,
			);
			buildRules = (
			);
			dependencies = (
			);
			name = "Bit Fiddle";
			productName = "Bit Fiddle";
			productReference = B9848B3D177B99B400E21D96 /* Bit Fiddle.app */;
			productType = "com.apple.product-type.application";
		};
/* End PBXNativeTarget section */

/* Begin PBXProject section */
		B9848B33177B996600E21D96 /* Project object */ = {
			isa = PBXProject;
			attributes = {
				LastUpgradeCheck = 0500;
				TargetAttributes = {
					B9848B3C177B99B400E21D96 = {
						DevelopmentTeam = YH3QFD54JB;
						ProvisioningStyle = Automatic;
					};
				};
			};
			buildConfigurationList = B9848B36177B996600E21D96 /* Build configuration list for PBXProject "Bit Fiddle" */;
			compatibilityVersion = "Xcode 3.2";
			developmentRegion = English;
			hasScannedForEncodings = 0;
			knownRegions = (
				en,
				de,
			);
			mainGroup = B9848B32177B996600E21D96;
			productRefGroup = B9848B3E177B99B400E21D96 /* Products */;
			projectDirPath = "";
			projectRoot = "";
			targets = (
				B9848B3C177B99B400E21D96 /* Bit Fiddle */,
			);
		};
/* End PBXProject section */

/* Begin PBXResourcesBuildPhase section */
		B9848B3B177B99B400E21D96 /* Resources */ = {
			isa = PBXResourcesBuildPhase;
			buildActionMask = 2147483647;
			files = (
				90BAF74B21759CC6001665BF /* Localizable.strings in Resources */,
				90BAF75121759CC6001665BF /* index.html in Resources */,
				90BAF75821759CC6001665BF /* BitFiddle.icns in Resources */,
				90BAF75621759CC6001665BF /* Preferences.xib in Resources */,
				90BAF74C21759CC6001665BF /* InfoPlist.strings in Resources */,
				90BAF75221759CC6001665BF /* css.css in Resources */,
				90BAF6B621759AA3001665BF /* MandApplication.strings in Resources */,
				90BAF6B721759AA3001665BF /* MandAboutWindow.xib in Resources */,
				90BAF6B921759AA3001665BF /* .gitignore in Resources */,
				90BAF74E21759CC6001665BF /* index.html in Resources */,
				90BAF75521759CC6001665BF /* BitFiddleChangelog.txt in Resources */,
				90BAF74F21759CC6001665BF /* css.css in Resources */,
				90BAF74D21759CC6001665BF /* MainMenu.xib in Resources */,
				90BAF6B821759AA3001665BF /* manderc.png in Resources */,
				90BAF75321759CC6001665BF /* ComplementWindow.xib in Resources */,
				90BAF75021759CC6001665BF /* ExpertWindow.xib in Resources */,
			);
			runOnlyForDeploymentPostprocessing = 0;
		};
/* End PBXResourcesBuildPhase section */

/* Begin PBXSourcesBuildPhase section */
		B9848B39177B99B400E21D96 /* Sources */ = {
			isa = PBXSourcesBuildPhase;
			buildActionMask = 2147483647;
			files = (
				90BAF72821759AB1001665BF /* NAUI.c in Sources */,
				90BAF72621759AB1001665BF /* NADebug.c in Sources */,
				90BAF72921759AB1001665BF /* NAUIWINAPI.c in Sources */,
				90BAF72F21759AB1001665BF /* NADateTime.c in Sources */,
				90BAF67521759A85001665BF /* BitFiddleWindow.m in Sources */,
				90BAF72A21759AB1001665BF /* NAUICocoa.m in Sources */,
				90BAF6BE21759AA3001665BF /* MandEnvironment.m in Sources */,
				90BAF67021759A85001665BF /* ASCIIWindowController.m in Sources */,
				90BAF6BA21759AA3001665BF /* MandCocoaHelper.m in Sources */,
				90BAF67221759A85001665BF /* BitArray.c in Sources */,
				90BAF6BF21759AA3001665BF /* MandMenuHelper.m in Sources */,
				90BAF72B21759AB1001665BF /* NAUICoreAPI.c in Sources */,
				90BAF67621759A85001665BF /* NumberOutputField.m in Sources */,
				90BAF67321759A85001665BF /* main.m in Sources */,
				90BAF72E21759AB1001665BF /* NABinaryData.c in Sources */,
				90BAF71E21759AB1001665BF /* NATree.c in Sources */,
				90BAF72221759AB1001665BF /* NAString.c in Sources */,
				90BAF67421759A85001665BF /* BitFiddlePreferencesController.m in Sources */,
				90BAF6BD21759AA3001665BF /* MandTranslation.c in Sources */,
				90BAF71F21759AB1001665BF /* NACocoaHelper.m in Sources */,
				90BAF72C21759AB1001665BF /* NADeflate.c in Sources */,
				90BAF73121759AB1001665BF /* NAMoney.c in Sources */,
				90BAF72721759AB1001665BF /* NAPNG.c in Sources */,
				90BAF72121759AB1001665BF /* NABuffer.c in Sources */,
				90BAF73021759AB1001665BF /* NAMemory.c in Sources */,
				90BAF72321759AB1001665BF /* NAList.c in Sources */,
				90BAF6C021759AA3001665BF /* MandApplication.m in Sources */,
				90BAF72521759AB1001665BF /* NAHeap.c in Sources */,
				90BAF72021759AB1001665BF /* NAQuadTree.c in Sources */,
				90BAF6BB21759AA3001665BF /* MandAboutWindowController.m in Sources */,
				90BAF67121759A85001665BF /* BitFiddleApplication.m in Sources */,
				90BAF72421759AB1001665BF /* NAOctTree.c in Sources */,
				90BAF66F21759A85001665BF /* ComplementWindowController.m in Sources */,
				90BAF72D21759AB1001665BF /* NAFile.c in Sources */,
				90BAF6BC21759AA3001665BF /* MandHelpWindowController.m in Sources */,
			);
			runOnlyForDeploymentPostprocessing = 0;
		};
/* End PBXSourcesBuildPhase section */

/* Begin PBXVariantGroup section */
		90BAF6A121759AA3001665BF /* MandApplication.strings */ = {
			isa = PBXVariantGroup;
			children = (
				90BAF6A221759AA3001665BF /* de */,
				90BAF6A321759AA3001665BF /* en */,
			);
			name = MandApplication.strings;
			sourceTree = "<group>";
		};
		90BAF73321759CC6001665BF /* Localizable.strings */ = {
			isa = PBXVariantGroup;
			children = (
				90BAF73421759CC6001665BF /* de */,
				90BAF73D21759CC6001665BF /* en */,
			);
			name = Localizable.strings;
			sourceTree = "<group>";
		};
		90BAF73521759CC6001665BF /* InfoPlist.strings */ = {
			isa = PBXVariantGroup;
			children = (
				90BAF73621759CC6001665BF /* de */,
				90BAF73E21759CC6001665BF /* en */,
			);
			name = InfoPlist.strings;
			sourceTree = "<group>";
		};
		90BAF73721759CC6001665BF /* MainMenu.xib */ = {
			isa = PBXVariantGroup;
			children = (
				90BAF73821759CC6001665BF /* de */,
				90BAF73F21759CC6001665BF /* en */,
			);
			name = MainMenu.xib;
			sourceTree = "<group>";
		};
/* End PBXVariantGroup section */

/* Begin XCBuildConfiguration section */
		B9432DC717E61D440075F638 /* Optimize */ = {
			isa = XCBuildConfiguration;
			buildSettings = {
				COPY_PHASE_STRIP = NO;
				DEPLOYMENT_POSTPROCESSING = YES;
				GCC_C_LANGUAGE_STANDARD = c99;
				GCC_DEBUGGING_SYMBOLS = full;
				GCC_GENERATE_DEBUGGING_SYMBOLS = YES;
				GCC_OPTIMIZATION_LEVEL = fast;
				GCC_PREPROCESSOR_DEFINITIONS = NDEBUG;
				GCC_VERSION = "";
				STRIP_INSTALLED_PRODUCT = NO;
				VALID_ARCHS = x86_64;
			};
			name = Optimize;
		};
		B9432DC817E61D440075F638 /* Optimize */ = {
			isa = XCBuildConfiguration;
			buildSettings = {
				ALWAYS_SEARCH_USER_PATHS = NO;
				ARCHS = "$(ARCHS_STANDARD_32_64_BIT)";
				CLANG_WARN_CONSTANT_CONVERSION = YES;
				CLANG_WARN_EMPTY_BODY = YES;
				CLANG_WARN_ENUM_CONVERSION = YES;
				CLANG_WARN_INT_CONVERSION = YES;
				CLANG_WARN__DUPLICATE_METHOD_MATCH = YES;
				CODE_SIGN_ENTITLEMENTS = "../../res/Bit Fiddle.entitlements";
				CODE_SIGN_IDENTITY = "Mac Developer";
				"CODE_SIGN_IDENTITY[sdk=macosx*]" = "Mac Developer";
				CODE_SIGN_STYLE = Automatic;
				COMBINE_HIDPI_IMAGES = YES;
				COPY_PHASE_STRIP = YES;
				DEBUG_INFORMATION_FORMAT = "dwarf-with-dsym";
				DEVELOPMENT_TEAM = YH3QFD54JB;
				GCC_ENABLE_OBJC_EXCEPTIONS = YES;
				GCC_PRECOMPILE_PREFIX_HEADER = YES;
				GCC_WARN_64_TO_32_BIT_CONVERSION = YES;
				GCC_WARN_ABOUT_RETURN_TYPE = YES;
				GCC_WARN_UNINITIALIZED_AUTOS = NO;
				GCC_WARN_UNUSED_VARIABLE = YES;
				INFOPLIST_FILE = "../..//res/Bit Fiddle-Info.plist";
				MACOSX_DEPLOYMENT_TARGET = 10.6;
				PRODUCT_NAME = "$(TARGET_NAME)";
				PROVISIONING_PROFILE = "";
				PROVISIONING_PROFILE_SPECIFIER = "";
				WRAPPER_EXTENSION = app;
			};
			name = Optimize;
		};
		B9848B37177B996600E21D96 /* Debug */ = {
			isa = XCBuildConfiguration;
			buildSettings = {
				COPY_PHASE_STRIP = NO;
				GCC_C_LANGUAGE_STANDARD = c99;
				GCC_OPTIMIZATION_LEVEL = 0;
				GCC_VERSION = "";
				ONLY_ACTIVE_ARCH = YES;
				VALID_ARCHS = x86_64;
			};
			name = Debug;
		};
		B9848B38177B996600E21D96 /* Release */ = {
			isa = XCBuildConfiguration;
			buildSettings = {
				COPY_PHASE_STRIP = NO;
				DEPLOYMENT_POSTPROCESSING = YES;
				GCC_C_LANGUAGE_STANDARD = c99;
				GCC_GENERATE_DEBUGGING_SYMBOLS = NO;
				GCC_PREPROCESSOR_DEFINITIONS = NDEBUG;
				GCC_VERSION = "";
				VALID_ARCHS = x86_64;
			};
			name = Release;
		};
		B9848B59177B99B400E21D96 /* Debug */ = {
			isa = XCBuildConfiguration;
			buildSettings = {
				ALWAYS_SEARCH_USER_PATHS = NO;
				ARCHS = "$(ARCHS_STANDARD_32_64_BIT)";
				CLANG_WARN_CONSTANT_CONVERSION = YES;
				CLANG_WARN_EMPTY_BODY = YES;
				CLANG_WARN_ENUM_CONVERSION = YES;
				CLANG_WARN_INT_CONVERSION = YES;
				CLANG_WARN__DUPLICATE_METHOD_MATCH = YES;
				CODE_SIGN_ENTITLEMENTS = "../../res/Bit Fiddle.entitlements";
				CODE_SIGN_IDENTITY = "Mac Developer";
				"CODE_SIGN_IDENTITY[sdk=macosx*]" = "Mac Developer";
				CODE_SIGN_STYLE = Automatic;
				COMBINE_HIDPI_IMAGES = YES;
				COPY_PHASE_STRIP = NO;
				DEVELOPMENT_TEAM = YH3QFD54JB;
				GCC_DYNAMIC_NO_PIC = NO;
				GCC_ENABLE_OBJC_EXCEPTIONS = YES;
				GCC_OPTIMIZATION_LEVEL = 0;
				GCC_PRECOMPILE_PREFIX_HEADER = YES;
				GCC_PREPROCESSOR_DEFINITIONS = "";
				GCC_SYMBOLS_PRIVATE_EXTERN = NO;
				GCC_WARN_64_TO_32_BIT_CONVERSION = YES;
				GCC_WARN_ABOUT_RETURN_TYPE = YES;
				GCC_WARN_UNINITIALIZED_AUTOS = NO;
				GCC_WARN_UNUSED_VARIABLE = YES;
				INFOPLIST_FILE = "../..//res/Bit Fiddle-Info.plist";
				MACOSX_DEPLOYMENT_TARGET = 10.6;
				ONLY_ACTIVE_ARCH = YES;
				PRODUCT_NAME = "$(TARGET_NAME)";
				PROVISIONING_PROFILE = "";
				PROVISIONING_PROFILE_SPECIFIER = "";
				WRAPPER_EXTENSION = app;
			};
			name = Debug;
		};
		B9848B5A177B99B400E21D96 /* Release */ = {
			isa = XCBuildConfiguration;
			buildSettings = {
				ALWAYS_SEARCH_USER_PATHS = NO;
				ARCHS = "$(ARCHS_STANDARD_32_64_BIT)";
				CLANG_WARN_CONSTANT_CONVERSION = YES;
				CLANG_WARN_EMPTY_BODY = YES;
				CLANG_WARN_ENUM_CONVERSION = YES;
				CLANG_WARN_INT_CONVERSION = YES;
				CLANG_WARN__DUPLICATE_METHOD_MATCH = YES;
				CODE_SIGN_ENTITLEMENTS = "../../res/Bit Fiddle.entitlements";
				CODE_SIGN_IDENTITY = "Mac Developer";
				"CODE_SIGN_IDENTITY[sdk=macosx*]" = "Mac Developer";
				CODE_SIGN_STYLE = Automatic;
				COMBINE_HIDPI_IMAGES = YES;
				COPY_PHASE_STRIP = YES;
				DEBUG_INFORMATION_FORMAT = "dwarf-with-dsym";
				DEVELOPMENT_TEAM = YH3QFD54JB;
				GCC_ENABLE_OBJC_EXCEPTIONS = YES;
				GCC_PRECOMPILE_PREFIX_HEADER = YES;
				GCC_WARN_64_TO_32_BIT_CONVERSION = YES;
				GCC_WARN_ABOUT_RETURN_TYPE = YES;
				GCC_WARN_UNINITIALIZED_AUTOS = NO;
				GCC_WARN_UNUSED_VARIABLE = YES;
				INFOPLIST_FILE = "../..//res/Bit Fiddle-Info.plist";
				MACOSX_DEPLOYMENT_TARGET = 10.6;
				PRODUCT_NAME = "$(TARGET_NAME)";
				PROVISIONING_PROFILE = "";
				PROVISIONING_PROFILE_SPECIFIER = "";
				WRAPPER_EXTENSION = app;
			};
			name = Release;
		};
/* End XCBuildConfiguration section */

/* Begin XCConfigurationList section */
		B9848B36177B996600E21D96 /* Build configuration list for PBXProject "Bit Fiddle" */ = {
			isa = XCConfigurationList;
			buildConfigurations = (
				B9848B37177B996600E21D96 /* Debug */,
				B9432DC717E61D440075F638 /* Optimize */,
				B9848B38177B996600E21D96 /* Release */,
			);
			defaultConfigurationIsVisible = 0;
			defaultConfigurationName = Release;
		};
		B9848B58177B99B400E21D96 /* Build configuration list for PBXNativeTarget "Bit Fiddle" */ = {
			isa = XCConfigurationList;
			buildConfigurations = (
				B9848B59177B99B400E21D96 /* Debug */,
				B9432DC817E61D440075F638 /* Optimize */,
				B9848B5A177B99B400E21D96 /* Release */,
			);
			defaultConfigurationIsVisible = 0;
			defaultConfigurationName = Release;
		};
/* End XCConfigurationList section */
	};
	rootObject = B9848B33177B996600E21D96 /* Project object */;
}
