
Microsoft Visual Studio Solution File, Format Version 12.00
# Visual Studio Version 16
VisualStudioVersion = 16.0.30011.22
MinimumVisualStudioVersion = 10.0.40219.1
Project("{8BC9CEB8-8B4A-11D0-8D11-00A0C91BC942}") = "ManderApp", "..\lib\ManderApp\code\ManderApp\ManderApp.vcxproj", "{6E76DA2B-3C47-409B-80AC-0DF4799FB3E1}"
EndProject
Project("{8BC9CEB8-8B4A-11D0-8D11-00A0C91BC942}") = "NALib", "..\lib\NALib\code\NALib\NALib.vcxproj", "{D03034CF-5CE8-4E68-8FD9-D5820E2745BA}"
EndProject
Project("{8BC9CEB8-8B4A-11D0-8D11-00A0C91BC942}") = "Bit Fiddle", "..\code\BitFiddle\BitFiddle.vcxproj", "{2E0E2BDB-FACC-4AE2-92CD-CC37ACC175FA}"
EndProject
Project("{C7167F0D-BC9F-4E6E-AFE1-012C56B48DB5}") = "WinInstaller", "..\code\WinInstaller\WinInstaller.wapproj", "{0ADD2DE9-CDF2-4C85-9180-9601F1AF33BA}"
EndProject
Global
	GlobalSection(SolutionConfigurationPlatforms) = preSolution
		Debug|Any CPU = Debug|Any CPU
		Debug|ARM = Debug|ARM
		Debug|ARM64 = Debug|ARM64
		Debug|x64 = Debug|x64
		Debug|x86 = Debug|x86
		Release|Any CPU = Release|Any CPU
		Release|ARM = Release|ARM
		Release|ARM64 = Release|ARM64
		Release|x64 = Release|x64
		Release|x86 = Release|x86
	EndGlobalSection
	GlobalSection(ProjectConfigurationPlatforms) = postSolution
		{6E76DA2B-3C47-409B-80AC-0DF4799FB3E1}.Debug|Any CPU.ActiveCfg = Debug|Win32
		{6E76DA2B-3C47-409B-80AC-0DF4799FB3E1}.Debug|ARM.ActiveCfg = Debug|Win32
		{6E76DA2B-3C47-409B-80AC-0DF4799FB3E1}.Debug|ARM64.ActiveCfg = Debug|Win32
		{6E76DA2B-3C47-409B-80AC-0DF4799FB3E1}.Debug|x64.ActiveCfg = Debug|x64
		{6E76DA2B-3C47-409B-80AC-0DF4799FB3E1}.Debug|x64.Build.0 = Debug|x64
		{6E76DA2B-3C47-409B-80AC-0DF4799FB3E1}.Debug|x86.ActiveCfg = Debug|Win32
		{6E76DA2B-3C47-409B-80AC-0DF4799FB3E1}.Debug|x86.Build.0 = Debug|Win32
		{6E76DA2B-3C47-409B-80AC-0DF4799FB3E1}.Release|Any CPU.ActiveCfg = Release|Win32
		{6E76DA2B-3C47-409B-80AC-0DF4799FB3E1}.Release|ARM.ActiveCfg = Release|Win32
		{6E76DA2B-3C47-409B-80AC-0DF4799FB3E1}.Release|ARM64.ActiveCfg = Release|Win32
		{6E76DA2B-3C47-409B-80AC-0DF4799FB3E1}.Release|x64.ActiveCfg = Release|x64
		{6E76DA2B-3C47-409B-80AC-0DF4799FB3E1}.Release|x64.Build.0 = Release|x64
		{6E76DA2B-3C47-409B-80AC-0DF4799FB3E1}.Release|x86.ActiveCfg = Release|Win32
		{6E76DA2B-3C47-409B-80AC-0DF4799FB3E1}.Release|x86.Build.0 = Release|Win32
		{D03034CF-5CE8-4E68-8FD9-D5820E2745BA}.Debug|Any CPU.ActiveCfg = Debug|Win32
		{D03034CF-5CE8-4E68-8FD9-D5820E2745BA}.Debug|ARM.ActiveCfg = Debug|Win32
		{D03034CF-5CE8-4E68-8FD9-D5820E2745BA}.Debug|ARM64.ActiveCfg = Debug|Win32
		{D03034CF-5CE8-4E68-8FD9-D5820E2745BA}.Debug|x64.ActiveCfg = Debug|x64
		{D03034CF-5CE8-4E68-8FD9-D5820E2745BA}.Debug|x64.Build.0 = Debug|x64
		{D03034CF-5CE8-4E68-8FD9-D5820E2745BA}.Debug|x86.ActiveCfg = Debug|Win32
		{D03034CF-5CE8-4E68-8FD9-D5820E2745BA}.Debug|x86.Build.0 = Debug|Win32
		{D03034CF-5CE8-4E68-8FD9-D5820E2745BA}.Release|Any CPU.ActiveCfg = Release|Win32
		{D03034CF-5CE8-4E68-8FD9-D5820E2745BA}.Release|ARM.ActiveCfg = Release|Win32
		{D03034CF-5CE8-4E68-8FD9-D5820E2745BA}.Release|ARM64.ActiveCfg = Release|Win32
		{D03034CF-5CE8-4E68-8FD9-D5820E2745BA}.Release|x64.ActiveCfg = Release|x64
		{D03034CF-5CE8-4E68-8FD9-D5820E2745BA}.Release|x64.Build.0 = Release|x64
		{D03034CF-5CE8-4E68-8FD9-D5820E2745BA}.Release|x86.ActiveCfg = Release|Win32
		{D03034CF-5CE8-4E68-8FD9-D5820E2745BA}.Release|x86.Build.0 = Release|Win32
		{2E0E2BDB-FACC-4AE2-92CD-CC37ACC175FA}.Debug|Any CPU.ActiveCfg = Debug|Win32
		{2E0E2BDB-FACC-4AE2-92CD-CC37ACC175FA}.Debug|ARM.ActiveCfg = Debug|ARM
		{2E0E2BDB-FACC-4AE2-92CD-CC37ACC175FA}.Debug|ARM.Build.0 = Debug|ARM
		{2E0E2BDB-FACC-4AE2-92CD-CC37ACC175FA}.Debug|ARM64.ActiveCfg = Debug|ARM64
		{2E0E2BDB-FACC-4AE2-92CD-CC37ACC175FA}.Debug|ARM64.Build.0 = Debug|ARM64
		{2E0E2BDB-FACC-4AE2-92CD-CC37ACC175FA}.Debug|x64.ActiveCfg = Debug|x64
		{2E0E2BDB-FACC-4AE2-92CD-CC37ACC175FA}.Debug|x64.Build.0 = Debug|x64
		{2E0E2BDB-FACC-4AE2-92CD-CC37ACC175FA}.Debug|x86.ActiveCfg = Debug|Win32
		{2E0E2BDB-FACC-4AE2-92CD-CC37ACC175FA}.Debug|x86.Build.0 = Debug|Win32
		{2E0E2BDB-FACC-4AE2-92CD-CC37ACC175FA}.Release|Any CPU.ActiveCfg = Release|Win32
		{2E0E2BDB-FACC-4AE2-92CD-CC37ACC175FA}.Release|ARM.ActiveCfg = Release|ARM
		{2E0E2BDB-FACC-4AE2-92CD-CC37ACC175FA}.Release|ARM.Build.0 = Release|ARM
		{2E0E2BDB-FACC-4AE2-92CD-CC37ACC175FA}.Release|ARM64.ActiveCfg = Release|ARM64
		{2E0E2BDB-FACC-4AE2-92CD-CC37ACC175FA}.Release|ARM64.Build.0 = Release|ARM64
		{2E0E2BDB-FACC-4AE2-92CD-CC37ACC175FA}.Release|x64.ActiveCfg = Release|x64
		{2E0E2BDB-FACC-4AE2-92CD-CC37ACC175FA}.Release|x64.Build.0 = Release|x64
		{2E0E2BDB-FACC-4AE2-92CD-CC37ACC175FA}.Release|x86.ActiveCfg = Release|Win32
		{2E0E2BDB-FACC-4AE2-92CD-CC37ACC175FA}.Release|x86.Build.0 = Release|Win32
		{0ADD2DE9-CDF2-4C85-9180-9601F1AF33BA}.Debug|Any CPU.ActiveCfg = Debug|Any CPU
		{0ADD2DE9-CDF2-4C85-9180-9601F1AF33BA}.Debug|Any CPU.Build.0 = Debug|Any CPU
		{0ADD2DE9-CDF2-4C85-9180-9601F1AF33BA}.Debug|Any CPU.Deploy.0 = Debug|Any CPU
		{0ADD2DE9-CDF2-4C85-9180-9601F1AF33BA}.Debug|ARM.ActiveCfg = Debug|ARM
		{0ADD2DE9-CDF2-4C85-9180-9601F1AF33BA}.Debug|ARM.Build.0 = Debug|ARM
		{0ADD2DE9-CDF2-4C85-9180-9601F1AF33BA}.Debug|ARM.Deploy.0 = Debug|ARM
		{0ADD2DE9-CDF2-4C85-9180-9601F1AF33BA}.Debug|ARM64.ActiveCfg = Debug|ARM64
		{0ADD2DE9-CDF2-4C85-9180-9601F1AF33BA}.Debug|ARM64.Build.0 = Debug|ARM64
		{0ADD2DE9-CDF2-4C85-9180-9601F1AF33BA}.Debug|ARM64.Deploy.0 = Debug|ARM64
		{0ADD2DE9-CDF2-4C85-9180-9601F1AF33BA}.Debug|x64.ActiveCfg = Debug|x64
		{0ADD2DE9-CDF2-4C85-9180-9601F1AF33BA}.Debug|x64.Build.0 = Debug|x64
		{0ADD2DE9-CDF2-4C85-9180-9601F1AF33BA}.Debug|x64.Deploy.0 = Debug|x64
		{0ADD2DE9-CDF2-4C85-9180-9601F1AF33BA}.Debug|x86.ActiveCfg = Debug|x86
		{0ADD2DE9-CDF2-4C85-9180-9601F1AF33BA}.Debug|x86.Build.0 = Debug|x86
		{0ADD2DE9-CDF2-4C85-9180-9601F1AF33BA}.Debug|x86.Deploy.0 = Debug|x86
		{0ADD2DE9-CDF2-4C85-9180-9601F1AF33BA}.Release|Any CPU.ActiveCfg = Release|Any CPU
		{0ADD2DE9-CDF2-4C85-9180-9601F1AF33BA}.Release|Any CPU.Build.0 = Release|Any CPU
		{0ADD2DE9-CDF2-4C85-9180-9601F1AF33BA}.Release|Any CPU.Deploy.0 = Release|Any CPU
		{0ADD2DE9-CDF2-4C85-9180-9601F1AF33BA}.Release|ARM.ActiveCfg = Release|ARM
		{0ADD2DE9-CDF2-4C85-9180-9601F1AF33BA}.Release|ARM.Build.0 = Release|ARM
		{0ADD2DE9-CDF2-4C85-9180-9601F1AF33BA}.Release|ARM.Deploy.0 = Release|ARM
		{0ADD2DE9-CDF2-4C85-9180-9601F1AF33BA}.Release|ARM64.ActiveCfg = Release|ARM64
		{0ADD2DE9-CDF2-4C85-9180-9601F1AF33BA}.Release|ARM64.Build.0 = Release|ARM64
		{0ADD2DE9-CDF2-4C85-9180-9601F1AF33BA}.Release|ARM64.Deploy.0 = Release|ARM64
		{0ADD2DE9-CDF2-4C85-9180-9601F1AF33BA}.Release|x64.ActiveCfg = Release|x64
		{0ADD2DE9-CDF2-4C85-9180-9601F1AF33BA}.Release|x64.Build.0 = Release|x64
		{0ADD2DE9-CDF2-4C85-9180-9601F1AF33BA}.Release|x64.Deploy.0 = Release|x64
		{0ADD2DE9-CDF2-4C85-9180-9601F1AF33BA}.Release|x86.ActiveCfg = Release|x86
		{0ADD2DE9-CDF2-4C85-9180-9601F1AF33BA}.Release|x86.Build.0 = Release|x86
		{0ADD2DE9-CDF2-4C85-9180-9601F1AF33BA}.Release|x86.Deploy.0 = Release|x86
	EndGlobalSection
	GlobalSection(SolutionProperties) = preSolution
		HideSolutionNode = FALSE
	EndGlobalSection
	GlobalSection(ExtensibilityGlobals) = postSolution
		SolutionGuid = {A5D5AAFF-B106-46AA-988B-418E9243C1A4}
	EndGlobalSection
EndGlobal
